// !$*UTF8*$!
{
	archiveVersion = 1;
	classes = {
	};
	objectVersion = 46;
	objects = {

/* Begin PBXBuildFile section */
		836FC9C414CAFE1100D06793 /* libboost_system-xgcc42-mt-1_48.dylib in Frameworks */ = {isa = PBXBuildFile; fileRef = 836FC9C214CAFE1000D06793 /* libboost_system-xgcc42-mt-1_48.dylib */; };
		836FC9C514CAFE1100D06793 /* libboost_thread-xgcc42-mt-1_48.dylib in Frameworks */ = {isa = PBXBuildFile; fileRef = 836FC9C314CAFE1000D06793 /* libboost_thread-xgcc42-mt-1_48.dylib */; };
		836FC9C614CB003300D06793 /* Dynamixel.cpp in Sources */ = {isa = PBXBuildFile; fileRef = 839EF75314C9FA690034F3AF /* Dynamixel.cpp */; };
		839EF6CF14C9ED130034F3AF /* Carbon.framework in Frameworks */ = {isa = PBXBuildFile; fileRef = 839EF6CE14C9ED130034F3AF /* Carbon.framework */; };
		839EF6D114C9ED130034F3AF /* Cocoa.framework in Frameworks */ = {isa = PBXBuildFile; fileRef = 839EF6D014C9ED130034F3AF /* Cocoa.framework */; };
		839EF6D314C9ED130034F3AF /* IOKit.framework in Frameworks */ = {isa = PBXBuildFile; fileRef = 839EF6D214C9ED130034F3AF /* IOKit.framework */; };
		839EF6D514C9ED130034F3AF /* Ogre.framework in Frameworks */ = {isa = PBXBuildFile; fileRef = 839EF6D414C9ED130034F3AF /* Ogre.framework */; };
		839EF6D714C9ED130034F3AF /* OpenGL.framework in Frameworks */ = {isa = PBXBuildFile; fileRef = 839EF6D614C9ED130034F3AF /* OpenGL.framework */; };
		839EF6D914C9ED130034F3AF /* QuartzCore.framework in Frameworks */ = {isa = PBXBuildFile; fileRef = 839EF6D814C9ED130034F3AF /* QuartzCore.framework */; };
		839EF6E114C9ED140034F3AF /* main.mm in Sources */ = {isa = PBXBuildFile; fileRef = 839EF6E014C9ED140034F3AF /* main.mm */; };
		839EF74514C9EF4E0034F3AF /* SDL.framework in Frameworks */ = {isa = PBXBuildFile; fileRef = 839EF74414C9EF4E0034F3AF /* SDL.framework */; };
		839EF74A14C9F3E80034F3AF /* SDL.framework in CopyFiles */ = {isa = PBXBuildFile; fileRef = 839EF74414C9EF4E0034F3AF /* SDL.framework */; };
		839EF77F14C9FA690034F3AF /* hid.c in Sources */ = {isa = PBXBuildFile; fileRef = 839EF75514C9FA690034F3AF /* hid.c */; };
		839EF78014C9FA690034F3AF /* InterfaceUSB.cpp in Sources */ = {isa = PBXBuildFile; fileRef = 839EF75714C9FA690034F3AF /* InterfaceUSB.cpp */; };
		839EF78314C9FA690034F3AF /* Matrice.cpp in Sources */ = {isa = PBXBuildFile; fileRef = 839EF75F14C9FA690034F3AF /* Matrice.cpp */; };
		839EF78414C9FA690034F3AF /* Plan.cpp in Sources */ = {isa = PBXBuildFile; fileRef = 839EF76114C9FA690034F3AF /* Plan.cpp */; };
		839EF78514C9FA690034F3AF /* Point.cpp in Sources */ = {isa = PBXBuildFile; fileRef = 839EF76314C9FA690034F3AF /* Point.cpp */; };
		839EF78614C9FA690034F3AF /* Quaternion.cpp in Sources */ = {isa = PBXBuildFile; fileRef = 839EF76514C9FA690034F3AF /* Quaternion.cpp */; };
		839EF78714C9FA690034F3AF /* Referentiel3D.cpp in Sources */ = {isa = PBXBuildFile; fileRef = 839EF76714C9FA690034F3AF /* Referentiel3D.cpp */; };
		839EF78814C9FA690034F3AF /* Vecteur.cpp in Sources */ = {isa = PBXBuildFile; fileRef = 839EF76914C9FA690034F3AF /* Vecteur.cpp */; };
		839EF78914C9FA690034F3AF /* Vecteur3D.cpp in Sources */ = {isa = PBXBuildFile; fileRef = 839EF76B14C9FA690034F3AF /* Vecteur3D.cpp */; };
		839EF78A14C9FA690034F3AF /* Action.cpp in Sources */ = {isa = PBXBuildFile; fileRef = 839EF77214C9FA690034F3AF /* Action.cpp */; };
		839EF78B14C9FA690034F3AF /* AileTraction.cpp in Sources */ = {isa = PBXBuildFile; fileRef = 839EF77414C9FA690034F3AF /* AileTraction.cpp */; };
		839EF78C14C9FA690034F3AF /* Referentiel.cpp in Sources */ = {isa = PBXBuildFile; fileRef = 839EF77614C9FA690034F3AF /* Referentiel.cpp */; };
		839EF78D14C9FA690034F3AF /* Solide.cpp in Sources */ = {isa = PBXBuildFile; fileRef = 839EF77814C9FA690034F3AF /* Solide.cpp */; };
		839EF78E14C9FA690034F3AF /* State.cpp in Sources */ = {isa = PBXBuildFile; fileRef = 839EF77A14C9FA690034F3AF /* State.cpp */; };
		839EF78F14C9FA690034F3AF /* Tests.cpp in Sources */ = {isa = PBXBuildFile; fileRef = 839EF77C14C9FA690034F3AF /* Tests.cpp */; };
		839EF79B14CA0CAD0034F3AF /* Joystick.cpp in Sources */ = {isa = PBXBuildFile; fileRef = 839EF75A14C9FA690034F3AF /* Joystick.cpp */; };
		839EF79C14CA0D2C0034F3AF /* OgreDemoApp.cpp in Sources */ = {isa = PBXBuildFile; fileRef = 839EF6E414C9ED140034F3AF /* OgreDemoApp.cpp */; };
		839EF79F14CA0ED00034F3AF /* OgreFramework.cpp in Sources */ = {isa = PBXBuildFile; fileRef = 839EF6E714C9ED140034F3AF /* OgreFramework.cpp */; };
		83F866FE14CABF4100D7DF06 /* SDLMain.m in Sources */ = {isa = PBXBuildFile; fileRef = 83F866FD14CABF4100D7DF06 /* SDLMain.m */; };
		83FEE92214CC3ECE0009160F /* UIController.m in Sources */ = {isa = PBXBuildFile; fileRef = 83FEE92014CC3ECE0009160F /* UIController.m */; };
/* End PBXBuildFile section */

/* Begin PBXCopyFilesBuildPhase section */
		839EF74914C9F3CE0034F3AF /* CopyFiles */ = {
			isa = PBXCopyFilesBuildPhase;
			buildActionMask = 2147483647;
			dstPath = "";
			dstSubfolderSpec = 10;
			files = (
				839EF74A14C9F3E80034F3AF /* SDL.framework in CopyFiles */,
			);
			runOnlyForDeploymentPostprocessing = 0;
		};
		839EF74B14C9F7470034F3AF /* CopyFiles */ = {
			isa = PBXCopyFilesBuildPhase;
			buildActionMask = 2147483647;
			dstPath = materials/scripts;
			dstSubfolderSpec = 7;
			files = (
			);
			runOnlyForDeploymentPostprocessing = 0;
		};
/* End PBXCopyFilesBuildPhase section */

/* Begin PBXFileReference section */
		836FC9C214CAFE1000D06793 /* libboost_system-xgcc42-mt-1_48.dylib */ = {isa = PBXFileReference; lastKnownFileType = "compiled.mach-o.dylib"; name = "libboost_system-xgcc42-mt-1_48.dylib"; path = "usr/local/lib/libboost_system-xgcc42-mt-1_48.dylib"; sourceTree = SDKROOT; };
		836FC9C314CAFE1000D06793 /* libboost_thread-xgcc42-mt-1_48.dylib */ = {isa = PBXFileReference; lastKnownFileType = "compiled.mach-o.dylib"; name = "libboost_thread-xgcc42-mt-1_48.dylib"; path = "usr/local/lib/libboost_thread-xgcc42-mt-1_48.dylib"; sourceTree = SDKROOT; };
		839EF6CA14C9ED130034F3AF /* PSC.app */ = {isa = PBXFileReference; explicitFileType = wrapper.application; includeInIndex = 0; path = PSC.app; sourceTree = BUILT_PRODUCTS_DIR; };
		839EF6CE14C9ED130034F3AF /* Carbon.framework */ = {isa = PBXFileReference; lastKnownFileType = wrapper.framework; name = Carbon.framework; path = System/Library/Frameworks/Carbon.framework; sourceTree = SDKROOT; };
		839EF6D014C9ED130034F3AF /* Cocoa.framework */ = {isa = PBXFileReference; lastKnownFileType = wrapper.framework; name = Cocoa.framework; path = System/Library/Frameworks/Cocoa.framework; sourceTree = SDKROOT; };
		839EF6D214C9ED130034F3AF /* IOKit.framework */ = {isa = PBXFileReference; lastKnownFileType = wrapper.framework; name = IOKit.framework; path = System/Library/Frameworks/IOKit.framework; sourceTree = SDKROOT; };
		839EF6D414C9ED130034F3AF /* Ogre.framework */ = {isa = PBXFileReference; lastKnownFileType = wrapper.framework; name = Ogre.framework; path = Library/Frameworks/Ogre.framework; sourceTree = DEVELOPER_DIR; };
		839EF6D614C9ED130034F3AF /* OpenGL.framework */ = {isa = PBXFileReference; lastKnownFileType = wrapper.framework; name = OpenGL.framework; path = Library/Frameworks/OpenGL.framework; sourceTree = DEVELOPER_DIR; };
		839EF6D814C9ED130034F3AF /* QuartzCore.framework */ = {isa = PBXFileReference; lastKnownFileType = wrapper.framework; name = QuartzCore.framework; path = Library/Frameworks/QuartzCore.framework; sourceTree = DEVELOPER_DIR; };
		839EF6DC14C9ED140034F3AF /* PSC-Info.plist */ = {isa = PBXFileReference; lastKnownFileType = text.plist.xml; path = "PSC-Info.plist"; sourceTree = "<group>"; };
		839EF6DE14C9ED140034F3AF /* en */ = {isa = PBXFileReference; lastKnownFileType = text.plist.strings; name = en; path = en.lproj/InfoPlist.strings; sourceTree = "<group>"; };
		839EF6DF14C9ED140034F3AF /* PSC-Prefix.pch */ = {isa = PBXFileReference; lastKnownFileType = sourcecode.c.h; path = "PSC-Prefix.pch"; sourceTree = "<group>"; };
		839EF6E014C9ED140034F3AF /* main.mm */ = {isa = PBXFileReference; lastKnownFileType = sourcecode.cpp.objcpp; path = main.mm; sourceTree = "<group>"; };
		839EF6E314C9ED140034F3AF /* AppDelegate.h */ = {isa = PBXFileReference; lastKnownFileType = sourcecode.c.h; path = AppDelegate.h; sourceTree = "<group>"; };
		839EF6E414C9ED140034F3AF /* OgreDemoApp.cpp */ = {isa = PBXFileReference; lastKnownFileType = sourcecode.cpp.cpp; path = OgreDemoApp.cpp; sourceTree = "<group>"; };
		839EF6E614C9ED140034F3AF /* OgreDemoApp.h */ = {isa = PBXFileReference; lastKnownFileType = sourcecode.c.h; path = OgreDemoApp.h; sourceTree = "<group>"; };
		839EF6E714C9ED140034F3AF /* OgreFramework.cpp */ = {isa = PBXFileReference; lastKnownFileType = sourcecode.cpp.cpp; path = OgreFramework.cpp; sourceTree = "<group>"; };
		839EF6E914C9ED140034F3AF /* OgreFramework.h */ = {isa = PBXFileReference; lastKnownFileType = sourcecode.c.h; path = OgreFramework.h; sourceTree = "<group>"; };
		839EF6ED14C9ED140034F3AF /* Examples.material */ = {isa = PBXFileReference; lastKnownFileType = text; path = Examples.material; sourceTree = "<group>"; };
		839EF6EE14C9ED140034F3AF /* Ogre.material */ = {isa = PBXFileReference; lastKnownFileType = text; path = Ogre.material; sourceTree = "<group>"; };
		839EF6F014C9ED140034F3AF /* GreenSkin.jpg */ = {isa = PBXFileReference; lastKnownFileType = image.jpeg; path = GreenSkin.jpg; sourceTree = "<group>"; };
		839EF6F114C9ED140034F3AF /* spheremap.png */ = {isa = PBXFileReference; lastKnownFileType = image.png; path = spheremap.png; sourceTree = "<group>"; };
		839EF6F214C9ED140034F3AF /* tusk.jpg */ = {isa = PBXFileReference; lastKnownFileType = image.jpeg; path = tusk.jpg; sourceTree = "<group>"; };
		839EF6F414C9ED140034F3AF /* ogrehead.mesh */ = {isa = PBXFileReference; lastKnownFileType = file; path = ogrehead.mesh; sourceTree = "<group>"; };
		839EF6F614C9ED140034F3AF /* cubemap.zip */ = {isa = PBXFileReference; lastKnownFileType = archive.zip; path = cubemap.zip; sourceTree = "<group>"; };
		839EF6F714C9ED140034F3AF /* cubemapsJS.zip */ = {isa = PBXFileReference; lastKnownFileType = archive.zip; path = cubemapsJS.zip; sourceTree = "<group>"; };
		839EF6F814C9ED140034F3AF /* SdkTrays.zip */ = {isa = PBXFileReference; lastKnownFileType = archive.zip; path = SdkTrays.zip; sourceTree = "<group>"; };
		839EF6F914C9ED140034F3AF /* skybox.zip */ = {isa = PBXFileReference; lastKnownFileType = folder; name = skybox.zip; path = ..; sourceTree = "<group>"; };
		839EF6FA14C9ED140034F3AF /* ogre.cfg */ = {isa = PBXFileReference; lastKnownFileType = text; path = ogre.cfg; sourceTree = "<group>"; };
		839EF6FB14C9ED140034F3AF /* plugins.cfg */ = {isa = PBXFileReference; lastKnownFileType = text; path = plugins.cfg; sourceTree = "<group>"; };
		839EF6FC14C9ED140034F3AF /* resources.cfg */ = {isa = PBXFileReference; lastKnownFileType = text; path = resources.cfg; sourceTree = "<group>"; };
		839EF74414C9EF4E0034F3AF /* SDL.framework */ = {isa = PBXFileReference; lastKnownFileType = wrapper.framework; name = SDL.framework; path = Library/Frameworks/SDL.framework; sourceTree = SDKROOT; };
		839EF75314C9FA690034F3AF /* Dynamixel.cpp */ = {isa = PBXFileReference; fileEncoding = 4; lastKnownFileType = sourcecode.cpp.cpp; path = Dynamixel.cpp; sourceTree = "<group>"; };
		839EF75414C9FA690034F3AF /* Dynamixel.h */ = {isa = PBXFileReference; fileEncoding = 4; lastKnownFileType = sourcecode.c.h; path = Dynamixel.h; sourceTree = "<group>"; };
		839EF75514C9FA690034F3AF /* hid.c */ = {isa = PBXFileReference; fileEncoding = 4; lastKnownFileType = sourcecode.c.c; path = hid.c; sourceTree = "<group>"; };
		839EF75614C9FA690034F3AF /* hidapi.h */ = {isa = PBXFileReference; fileEncoding = 4; lastKnownFileType = sourcecode.c.h; path = hidapi.h; sourceTree = "<group>"; };
		839EF75714C9FA690034F3AF /* InterfaceUSB.cpp */ = {isa = PBXFileReference; fileEncoding = 4; lastKnownFileType = sourcecode.cpp.cpp; path = InterfaceUSB.cpp; sourceTree = "<group>"; };
		839EF75814C9FA690034F3AF /* InterfaceUSB.h */ = {isa = PBXFileReference; fileEncoding = 4; lastKnownFileType = sourcecode.c.h; path = InterfaceUSB.h; sourceTree = "<group>"; };
		839EF75A14C9FA690034F3AF /* Joystick.cpp */ = {isa = PBXFileReference; fileEncoding = 4; lastKnownFileType = sourcecode.cpp.cpp; path = Joystick.cpp; sourceTree = "<group>"; };
		839EF75B14C9FA690034F3AF /* Joystick.h */ = {isa = PBXFileReference; fileEncoding = 4; lastKnownFileType = sourcecode.c.h; path = Joystick.h; sourceTree = "<group>"; };
		839EF75F14C9FA690034F3AF /* Matrice.cpp */ = {isa = PBXFileReference; fileEncoding = 4; lastKnownFileType = sourcecode.cpp.cpp; path = Matrice.cpp; sourceTree = "<group>"; };
		839EF76014C9FA690034F3AF /* Matrice.h */ = {isa = PBXFileReference; fileEncoding = 4; lastKnownFileType = sourcecode.c.h; path = Matrice.h; sourceTree = "<group>"; };
		839EF76114C9FA690034F3AF /* Plan.cpp */ = {isa = PBXFileReference; fileEncoding = 4; lastKnownFileType = sourcecode.cpp.cpp; path = Plan.cpp; sourceTree = "<group>"; };
		839EF76214C9FA690034F3AF /* Plan.h */ = {isa = PBXFileReference; fileEncoding = 4; lastKnownFileType = sourcecode.c.h; path = Plan.h; sourceTree = "<group>"; };
		839EF76314C9FA690034F3AF /* Point.cpp */ = {isa = PBXFileReference; fileEncoding = 4; lastKnownFileType = sourcecode.cpp.cpp; path = Point.cpp; sourceTree = "<group>"; };
		839EF76414C9FA690034F3AF /* Point.h */ = {isa = PBXFileReference; fileEncoding = 4; lastKnownFileType = sourcecode.c.h; path = Point.h; sourceTree = "<group>"; };
		839EF76514C9FA690034F3AF /* Quaternion.cpp */ = {isa = PBXFileReference; fileEncoding = 4; lastKnownFileType = sourcecode.cpp.cpp; path = Quaternion.cpp; sourceTree = "<group>"; };
		839EF76614C9FA690034F3AF /* Quaternion.h */ = {isa = PBXFileReference; fileEncoding = 4; lastKnownFileType = sourcecode.c.h; path = Quaternion.h; sourceTree = "<group>"; };
		839EF76714C9FA690034F3AF /* Referentiel3D.cpp */ = {isa = PBXFileReference; fileEncoding = 4; lastKnownFileType = sourcecode.cpp.cpp; path = Referentiel3D.cpp; sourceTree = "<group>"; };
		839EF76814C9FA690034F3AF /* Referentiel3D.h */ = {isa = PBXFileReference; fileEncoding = 4; lastKnownFileType = sourcecode.c.h; path = Referentiel3D.h; sourceTree = "<group>"; };
		839EF76914C9FA690034F3AF /* Vecteur.cpp */ = {isa = PBXFileReference; fileEncoding = 4; lastKnownFileType = sourcecode.cpp.cpp; path = Vecteur.cpp; sourceTree = "<group>"; };
		839EF76A14C9FA690034F3AF /* Vecteur.h */ = {isa = PBXFileReference; fileEncoding = 4; lastKnownFileType = sourcecode.c.h; path = Vecteur.h; sourceTree = "<group>"; };
		839EF76B14C9FA690034F3AF /* Vecteur3D.cpp */ = {isa = PBXFileReference; fileEncoding = 4; lastKnownFileType = sourcecode.cpp.cpp; path = Vecteur3D.cpp; sourceTree = "<group>"; };
		839EF76C14C9FA690034F3AF /* Vecteur3D.h */ = {isa = PBXFileReference; fileEncoding = 4; lastKnownFileType = sourcecode.c.h; path = Vecteur3D.h; sourceTree = "<group>"; };
		839EF76E14C9FA690034F3AF /* kite.material */ = {isa = PBXFileReference; fileEncoding = 4; lastKnownFileType = text; path = kite.material; sourceTree = "<group>"; };
		839EF76F14C9FA690034F3AF /* kite.mesh */ = {isa = PBXFileReference; lastKnownFileType = file; path = kite.mesh; sourceTree = "<group>"; };
		839EF77014C9FA690034F3AF /* Parametres.h */ = {isa = PBXFileReference; fileEncoding = 4; lastKnownFileType = sourcecode.c.h; path = Parametres.h; sourceTree = "<group>"; };
		839EF77214C9FA690034F3AF /* Action.cpp */ = {isa = PBXFileReference; fileEncoding = 4; lastKnownFileType = sourcecode.cpp.cpp; path = Action.cpp; sourceTree = "<group>"; };
		839EF77314C9FA690034F3AF /* Action.h */ = {isa = PBXFileReference; fileEncoding = 4; lastKnownFileType = sourcecode.c.h; path = Action.h; sourceTree = "<group>"; };
		839EF77414C9FA690034F3AF /* AileTraction.cpp */ = {isa = PBXFileReference; fileEncoding = 4; lastKnownFileType = sourcecode.cpp.cpp; path = AileTraction.cpp; sourceTree = "<group>"; };
		839EF77514C9FA690034F3AF /* AileTraction.h */ = {isa = PBXFileReference; fileEncoding = 4; lastKnownFileType = sourcecode.c.h; path = AileTraction.h; sourceTree = "<group>"; };
		839EF77614C9FA690034F3AF /* Referentiel.cpp */ = {isa = PBXFileReference; fileEncoding = 4; lastKnownFileType = sourcecode.cpp.cpp; path = Referentiel.cpp; sourceTree = "<group>"; };
		839EF77714C9FA690034F3AF /* Referentiel.h */ = {isa = PBXFileReference; fileEncoding = 4; lastKnownFileType = sourcecode.c.h; path = Referentiel.h; sourceTree = "<group>"; };
		839EF77814C9FA690034F3AF /* Solide.cpp */ = {isa = PBXFileReference; fileEncoding = 4; lastKnownFileType = sourcecode.cpp.cpp; path = Solide.cpp; sourceTree = "<group>"; };
		839EF77914C9FA690034F3AF /* Solide.h */ = {isa = PBXFileReference; fileEncoding = 4; lastKnownFileType = sourcecode.c.h; path = Solide.h; sourceTree = "<group>"; };
		839EF77A14C9FA690034F3AF /* State.cpp */ = {isa = PBXFileReference; fileEncoding = 4; lastKnownFileType = sourcecode.cpp.cpp; path = State.cpp; sourceTree = "<group>"; };
		839EF77B14C9FA690034F3AF /* State.h */ = {isa = PBXFileReference; fileEncoding = 4; lastKnownFileType = sourcecode.c.h; path = State.h; sourceTree = "<group>"; };
		839EF77C14C9FA690034F3AF /* Tests.cpp */ = {isa = PBXFileReference; fileEncoding = 4; lastKnownFileType = sourcecode.cpp.cpp; path = Tests.cpp; sourceTree = "<group>"; };
		839EF77D14C9FA690034F3AF /* Tests.h */ = {isa = PBXFileReference; fileEncoding = 4; lastKnownFileType = sourcecode.c.h; path = Tests.h; sourceTree = "<group>"; };
		83F866FC14CABF4100D7DF06 /* SDLMain.h */ = {isa = PBXFileReference; fileEncoding = 4; lastKnownFileType = sourcecode.c.h; path = SDLMain.h; sourceTree = "<group>"; };
		83F866FD14CABF4100D7DF06 /* SDLMain.m */ = {isa = PBXFileReference; fileEncoding = 4; lastKnownFileType = sourcecode.c.objc; path = SDLMain.m; sourceTree = "<group>"; };
		83FEE91F14CC3ECE0009160F /* UIController.h */ = {isa = PBXFileReference; fileEncoding = 4; lastKnownFileType = sourcecode.c.h; name = UIController.h; path = UI/UIController.h; sourceTree = "<group>"; };
		83FEE92014CC3ECE0009160F /* UIController.m */ = {isa = PBXFileReference; fileEncoding = 4; lastKnownFileType = sourcecode.c.objc; name = UIController.m; path = UI/UIController.m; sourceTree = "<group>"; };
		83FEE92314CC3EED0009160F /* Application.xib */ = {isa = PBXFileReference; fileEncoding = 4; lastKnownFileType = file.xib; name = Application.xib; path = UI/Application.xib; sourceTree = "<group>"; };
/* End PBXFileReference section */

/* Begin PBXFrameworksBuildPhase section */
		839EF6C714C9ED130034F3AF /* Frameworks */ = {
			isa = PBXFrameworksBuildPhase;
			buildActionMask = 2147483647;
			files = (
				836FC9C414CAFE1100D06793 /* libboost_system-xgcc42-mt-1_48.dylib in Frameworks */,
				836FC9C514CAFE1100D06793 /* libboost_thread-xgcc42-mt-1_48.dylib in Frameworks */,
				839EF74514C9EF4E0034F3AF /* SDL.framework in Frameworks */,
				839EF6CF14C9ED130034F3AF /* Carbon.framework in Frameworks */,
				839EF6D114C9ED130034F3AF /* Cocoa.framework in Frameworks */,
				839EF6D314C9ED130034F3AF /* IOKit.framework in Frameworks */,
				839EF6D514C9ED130034F3AF /* Ogre.framework in Frameworks */,
				839EF6D714C9ED130034F3AF /* OpenGL.framework in Frameworks */,
				839EF6D914C9ED130034F3AF /* QuartzCore.framework in Frameworks */,
			);
			runOnlyForDeploymentPostprocessing = 0;
		};
/* End PBXFrameworksBuildPhase section */

/* Begin PBXGroup section */
		839EF6BF14C9ED130034F3AF = {
			isa = PBXGroup;
			children = (
				83FEE92314CC3EED0009160F /* Application.xib */,
				83FEE91D14CC3E830009160F /* UI */,
				83F866FB14CABF2700D7DF06 /* SDL */,
				839EF75214C9FA690034F3AF /* ConnectionUSB */,
				839EF75914C9FA690034F3AF /* Joystick */,
				839EF75E14C9FA690034F3AF /* Maths */,
				839EF76D14C9FA690034F3AF /* Ogre */,
				839EF77014C9FA690034F3AF /* Parametres.h */,
				839EF77114C9FA690034F3AF /* Simulation */,
				839EF77C14C9FA690034F3AF /* Tests.cpp */,
				839EF77D14C9FA690034F3AF /* Tests.h */,
				839EF6DA14C9ED140034F3AF /* PSC */,
				839EF6CD14C9ED130034F3AF /* Frameworks */,
				839EF6CB14C9ED130034F3AF /* Products */,
			);
			sourceTree = "<group>";
		};
		839EF6CB14C9ED130034F3AF /* Products */ = {
			isa = PBXGroup;
			children = (
				839EF6CA14C9ED130034F3AF /* PSC.app */,
			);
			name = Products;
			sourceTree = "<group>";
		};
		839EF6CD14C9ED130034F3AF /* Frameworks */ = {
			isa = PBXGroup;
			children = (
				836FC9C214CAFE1000D06793 /* libboost_system-xgcc42-mt-1_48.dylib */,
				836FC9C314CAFE1000D06793 /* libboost_thread-xgcc42-mt-1_48.dylib */,
				839EF74414C9EF4E0034F3AF /* SDL.framework */,
				839EF6CE14C9ED130034F3AF /* Carbon.framework */,
				839EF6D014C9ED130034F3AF /* Cocoa.framework */,
				839EF6D214C9ED130034F3AF /* IOKit.framework */,
				839EF6D414C9ED130034F3AF /* Ogre.framework */,
				839EF6D614C9ED130034F3AF /* OpenGL.framework */,
				839EF6D814C9ED130034F3AF /* QuartzCore.framework */,
			);
			name = Frameworks;
			sourceTree = "<group>";
		};
		839EF6DA14C9ED140034F3AF /* PSC */ = {
			isa = PBXGroup;
			children = (
				839EF6E014C9ED140034F3AF /* main.mm */,
				839EF6DB14C9ED140034F3AF /* Resources */,
				839EF6E214C9ED140034F3AF /* Basic Ogre Framework */,
			);
			path = PSC;
			sourceTree = "<group>";
		};
		839EF6DB14C9ED140034F3AF /* Resources */ = {
			isa = PBXGroup;
			children = (
				839EF6DC14C9ED140034F3AF /* PSC-Info.plist */,
				839EF6DD14C9ED140034F3AF /* InfoPlist.strings */,
				839EF6DF14C9ED140034F3AF /* PSC-Prefix.pch */,
				839EF6FA14C9ED140034F3AF /* ogre.cfg */,
				839EF6FB14C9ED140034F3AF /* plugins.cfg */,
				839EF6FC14C9ED140034F3AF /* resources.cfg */,
				839EF6EA14C9ED140034F3AF /* media */,
			);
			name = Resources;
			sourceTree = "<group>";
		};
		839EF6E214C9ED140034F3AF /* Basic Ogre Framework */ = {
			isa = PBXGroup;
			children = (
				839EF6E314C9ED140034F3AF /* AppDelegate.h */,
				839EF6E414C9ED140034F3AF /* OgreDemoApp.cpp */,
				839EF6E614C9ED140034F3AF /* OgreDemoApp.h */,
				839EF6E714C9ED140034F3AF /* OgreFramework.cpp */,
				839EF6E914C9ED140034F3AF /* OgreFramework.h */,
			);
			name = "Basic Ogre Framework";
			sourceTree = "<group>";
		};
		839EF6EA14C9ED140034F3AF /* media */ = {
			isa = PBXGroup;
			children = (
				839EF6EB14C9ED140034F3AF /* materials */,
				839EF6F314C9ED140034F3AF /* models */,
				839EF6F514C9ED140034F3AF /* packs */,
			);
			path = media;
			sourceTree = "<group>";
		};
		839EF6EB14C9ED140034F3AF /* materials */ = {
			isa = PBXGroup;
			children = (
				839EF6EC14C9ED140034F3AF /* scripts */,
				839EF6EF14C9ED140034F3AF /* textures */,
			);
			path = materials;
			sourceTree = "<group>";
		};
		839EF6EC14C9ED140034F3AF /* scripts */ = {
			isa = PBXGroup;
			children = (
				839EF6ED14C9ED140034F3AF /* Examples.material */,
				839EF6EE14C9ED140034F3AF /* Ogre.material */,
			);
			path = scripts;
			sourceTree = "<group>";
		};
		839EF6EF14C9ED140034F3AF /* textures */ = {
			isa = PBXGroup;
			children = (
				839EF6F014C9ED140034F3AF /* GreenSkin.jpg */,
				839EF6F114C9ED140034F3AF /* spheremap.png */,
				839EF6F214C9ED140034F3AF /* tusk.jpg */,
			);
			path = textures;
			sourceTree = "<group>";
		};
		839EF6F314C9ED140034F3AF /* models */ = {
			isa = PBXGroup;
			children = (
				839EF6F414C9ED140034F3AF /* ogrehead.mesh */,
			);
			path = models;
			sourceTree = "<group>";
		};
		839EF6F514C9ED140034F3AF /* packs */ = {
			isa = PBXGroup;
			children = (
				839EF6F614C9ED140034F3AF /* cubemap.zip */,
				839EF6F714C9ED140034F3AF /* cubemapsJS.zip */,
				839EF6F814C9ED140034F3AF /* SdkTrays.zip */,
				839EF6F914C9ED140034F3AF /* skybox.zip */,
			);
			path = packs;
			sourceTree = "<group>";
		};
		839EF75214C9FA690034F3AF /* ConnectionUSB */ = {
			isa = PBXGroup;
			children = (
				839EF75314C9FA690034F3AF /* Dynamixel.cpp */,
				839EF75414C9FA690034F3AF /* Dynamixel.h */,
				839EF75514C9FA690034F3AF /* hid.c */,
				839EF75614C9FA690034F3AF /* hidapi.h */,
				839EF75714C9FA690034F3AF /* InterfaceUSB.cpp */,
				839EF75814C9FA690034F3AF /* InterfaceUSB.h */,
			);
			path = ConnectionUSB;
			sourceTree = "<group>";
		};
		839EF75914C9FA690034F3AF /* Joystick */ = {
			isa = PBXGroup;
			children = (
				839EF75A14C9FA690034F3AF /* Joystick.cpp */,
				839EF75B14C9FA690034F3AF /* Joystick.h */,
			);
			path = Joystick;
			sourceTree = "<group>";
		};
		839EF75E14C9FA690034F3AF /* Maths */ = {
			isa = PBXGroup;
			children = (
				839EF75F14C9FA690034F3AF /* Matrice.cpp */,
				839EF76014C9FA690034F3AF /* Matrice.h */,
				839EF76114C9FA690034F3AF /* Plan.cpp */,
				839EF76214C9FA690034F3AF /* Plan.h */,
				839EF76314C9FA690034F3AF /* Point.cpp */,
				839EF76414C9FA690034F3AF /* Point.h */,
				839EF76514C9FA690034F3AF /* Quaternion.cpp */,
				839EF76614C9FA690034F3AF /* Quaternion.h */,
				839EF76714C9FA690034F3AF /* Referentiel3D.cpp */,
				839EF76814C9FA690034F3AF /* Referentiel3D.h */,
				839EF76914C9FA690034F3AF /* Vecteur.cpp */,
				839EF76A14C9FA690034F3AF /* Vecteur.h */,
				839EF76B14C9FA690034F3AF /* Vecteur3D.cpp */,
				839EF76C14C9FA690034F3AF /* Vecteur3D.h */,
			);
			path = Maths;
			sourceTree = "<group>";
		};
		839EF76D14C9FA690034F3AF /* Ogre */ = {
			isa = PBXGroup;
			children = (
				839EF76E14C9FA690034F3AF /* kite.material */,
				839EF76F14C9FA690034F3AF /* kite.mesh */,
			);
			path = Ogre;
			sourceTree = "<group>";
		};
		839EF77114C9FA690034F3AF /* Simulation */ = {
			isa = PBXGroup;
			children = (
				839EF77214C9FA690034F3AF /* Action.cpp */,
				839EF77314C9FA690034F3AF /* Action.h */,
				839EF77414C9FA690034F3AF /* AileTraction.cpp */,
				839EF77514C9FA690034F3AF /* AileTraction.h */,
				839EF77614C9FA690034F3AF /* Referentiel.cpp */,
				839EF77714C9FA690034F3AF /* Referentiel.h */,
				839EF77814C9FA690034F3AF /* Solide.cpp */,
				839EF77914C9FA690034F3AF /* Solide.h */,
				839EF77A14C9FA690034F3AF /* State.cpp */,
				839EF77B14C9FA690034F3AF /* State.h */,
			);
			path = Simulation;
			sourceTree = "<group>";
		};
		83F866FB14CABF2700D7DF06 /* SDL */ = {
			isa = PBXGroup;
			children = (
				83F866FC14CABF4100D7DF06 /* SDLMain.h */,
				83F866FD14CABF4100D7DF06 /* SDLMain.m */,
			);
			name = SDL;
			sourceTree = "<group>";
		};
		83FEE91D14CC3E830009160F /* UI */ = {
			isa = PBXGroup;
			children = (
				83FEE91F14CC3ECE0009160F /* UIController.h */,
				83FEE92014CC3ECE0009160F /* UIController.m */,
			);
			name = UI;
			sourceTree = "<group>";
		};
/* End PBXGroup section */

/* Begin PBXNativeTarget section */
		839EF6C914C9ED130034F3AF /* PSC */ = {
			isa = PBXNativeTarget;
			buildConfigurationList = 839EF6FF14C9ED140034F3AF /* Build configuration list for PBXNativeTarget "PSC" */;
			buildPhases = (
				839EF6C614C9ED130034F3AF /* Sources */,
				839EF6C714C9ED130034F3AF /* Frameworks */,
				839EF6C814C9ED130034F3AF /* ShellScript */,
				839EF74914C9F3CE0034F3AF /* CopyFiles */,
				839EF74B14C9F7470034F3AF /* CopyFiles */,
			);
			buildRules = (
			);
			dependencies = (
			);
			name = PSC;
			productName = PSC;
			productReference = 839EF6CA14C9ED130034F3AF /* PSC.app */;
			productType = "com.apple.product-type.application";
		};
/* End PBXNativeTarget section */

/* Begin PBXProject section */
		839EF6C114C9ED130034F3AF /* Project object */ = {
			isa = PBXProject;
			attributes = {
				LastUpgradeCheck = 0420;
				ORGANIZATIONNAME = "École Polytechnique";
			};
			buildConfigurationList = 839EF6C414C9ED130034F3AF /* Build configuration list for PBXProject "PSC" */;
			compatibilityVersion = "Xcode 3.2";
			developmentRegion = English;
			hasScannedForEncodings = 0;
			knownRegions = (
				en,
			);
			mainGroup = 839EF6BF14C9ED130034F3AF;
			productRefGroup = 839EF6CB14C9ED130034F3AF /* Products */;
			projectDirPath = "";
			projectRoot = "";
			targets = (
				839EF6C914C9ED130034F3AF /* PSC */,
			);
		};
/* End PBXProject section */

/* Begin PBXShellScriptBuildPhase section */
		839EF6C814C9ED130034F3AF /* ShellScript */ = {
			isa = PBXShellScriptBuildPhase;
			buildActionMask = 2147483647;
			files = (
			);
			inputPaths = (
			);
			outputPaths = (
			);
			runOnlyForDeploymentPostprocessing = 0;
			shellPath = /bin/sh;
			shellScript = "# This shell script simply copies resources into their respective locations\n\nditto \"/Library/OgreSDK/lib/release/Ogre.framework\" \"$BUILT_PRODUCTS_DIR/PSC.app/Contents/Frameworks/Ogre.framework\"\nditto \"/Library/OgreSDK/lib/RenderSystem_GL.dylib\" \"$BUILT_PRODUCTS_DIR/PSC.app/Contents/Plugins/\"\nditto $PROJECT_DIR/Ogre/*.material \"$BUILT_PRODUCTS_DIR/PSC.app/Contents/Resources/media/materials/scripts/\"\nditto $PROJECT_DIR/Ogre/*.mesh \"$BUILT_PRODUCTS_DIR/PSC.app/Contents/Resources/media/models/\"\nditto $PROJECT_DIR/$PROJECT_NAME/*.cfg \"$BUILT_PRODUCTS_DIR/PSC.app/Contents/Resources/\"\nditto $PROJECT_DIR/$PROJECT_NAME/media/ \"$BUILT_PRODUCTS_DIR/PSC.app/Contents/Resources/media/\"\n";
		};
/* End PBXShellScriptBuildPhase section */

/* Begin PBXSourcesBuildPhase section */
		839EF6C614C9ED130034F3AF /* Sources */ = {
			isa = PBXSourcesBuildPhase;
			buildActionMask = 2147483647;
			files = (
				839EF6E114C9ED140034F3AF /* main.mm in Sources */,
				839EF77F14C9FA690034F3AF /* hid.c in Sources */,
				839EF78014C9FA690034F3AF /* InterfaceUSB.cpp in Sources */,
				839EF78314C9FA690034F3AF /* Matrice.cpp in Sources */,
				839EF78414C9FA690034F3AF /* Plan.cpp in Sources */,
				839EF78514C9FA690034F3AF /* Point.cpp in Sources */,
				839EF78614C9FA690034F3AF /* Quaternion.cpp in Sources */,
				839EF78714C9FA690034F3AF /* Referentiel3D.cpp in Sources */,
				839EF78814C9FA690034F3AF /* Vecteur.cpp in Sources */,
				839EF78914C9FA690034F3AF /* Vecteur3D.cpp in Sources */,
				839EF78A14C9FA690034F3AF /* Action.cpp in Sources */,
				839EF78B14C9FA690034F3AF /* AileTraction.cpp in Sources */,
				839EF78C14C9FA690034F3AF /* Referentiel.cpp in Sources */,
				839EF78D14C9FA690034F3AF /* Solide.cpp in Sources */,
				839EF78E14C9FA690034F3AF /* State.cpp in Sources */,
				839EF78F14C9FA690034F3AF /* Tests.cpp in Sources */,
				839EF79B14CA0CAD0034F3AF /* Joystick.cpp in Sources */,
				839EF79C14CA0D2C0034F3AF /* OgreDemoApp.cpp in Sources */,
				839EF79F14CA0ED00034F3AF /* OgreFramework.cpp in Sources */,
				83F866FE14CABF4100D7DF06 /* SDLMain.m in Sources */,
				836FC9C614CB003300D06793 /* Dynamixel.cpp in Sources */,
				83FEE92214CC3ECE0009160F /* UIController.m in Sources */,
			);
			runOnlyForDeploymentPostprocessing = 0;
		};
/* End PBXSourcesBuildPhase section */

/* Begin PBXVariantGroup section */
		839EF6DD14C9ED140034F3AF /* InfoPlist.strings */ = {
			isa = PBXVariantGroup;
			children = (
				839EF6DE14C9ED140034F3AF /* en */,
			);
			name = InfoPlist.strings;
			sourceTree = "<group>";
		};
/* End PBXVariantGroup section */

/* Begin XCBuildConfiguration section */
		839EF6FD14C9ED140034F3AF /* Debug */ = {
			isa = XCBuildConfiguration;
			buildSettings = {
				ARCHS = "$(ARCHS_STANDARD_32_64_BIT)";
				FRAMEWORK_SEARCH_PATHS = (
					"\"/Library/OgreSDK//lib/release\"",
					"\"/Library/OgreSDK//Dependencies\"",
				);
				GCC_OPTIMIZATION_LEVEL = 0;
				GCC_VERSION = com.apple.compilers.llvm.clang.1_0;
				HEADER_SEARCH_PATHS = (
					"\"/Library/OgreSDK//include/OGRE\"",
					"\"/Library/OgreSDK//include/OGRE/OSX\"",
					"\"/Library/OgreSDK//include/OIS\"",
					"\"/Library/OgreSDK//Dependencies/include\"",
					"\"/Library/OgreSDK//boost_1_46_1\"",
				);
				LIBRARY_SEARCH_PATHS = (
					"\"/Library/OgreSDK//lib\"",
					"\"/Library/OgreSDK//Dependencies/lib/Release\"",
				);
				MACOSX_DEPLOYMENT_TARGET = 10.7;
				ONLY_ACTIVE_ARCH = YES;
				OTHER_LDFLAGS = "-lOIS";
				SDKROOT = macosx;
			};
			name = Debug;
		};
		839EF6FE14C9ED140034F3AF /* Release */ = {
			isa = XCBuildConfiguration;
			buildSettings = {
				ARCHS = "$(ARCHS_STANDARD_32_64_BIT)";
				FRAMEWORK_SEARCH_PATHS = (
					"\"/Library/OgreSDK//lib/release\"",
					"\"/Library/OgreSDK//Dependencies\"",
				);
				GCC_VERSION = com.apple.compilers.llvm.clang.1_0;
				HEADER_SEARCH_PATHS = (
					"\"/Library/OgreSDK//include/OGRE\"",
					"\"/Library/OgreSDK//include/OGRE/OSX\"",
					"\"/Library/OgreSDK//include/OIS\"",
					"\"/Library/OgreSDK//Dependencies/include\"",
					"\"/Library/OgreSDK//boost_1_46_1\"",
				);
				LIBRARY_SEARCH_PATHS = (
					"\"/Library/OgreSDK//lib\"",
					"\"/Library/OgreSDK//Dependencies/lib/Release\"",
				);
				MACOSX_DEPLOYMENT_TARGET = 10.7;
				ONLY_ACTIVE_ARCH = YES;
				OTHER_LDFLAGS = "-lOIS";
				SDKROOT = macosx;
			};
			name = Release;
		};
		839EF70014C9ED140034F3AF /* Debug */ = {
			isa = XCBuildConfiguration;
			buildSettings = {
				COPY_PHASE_STRIP = NO;
				FRAMEWORK_SEARCH_PATHS = (
					"$(inherited)",
					"\"$(DEVELOPER_FRAMEWORKS_DIR)\"",
				);
				GCC_PRECOMPILE_PREFIX_HEADER = YES;
				GCC_PREFIX_HEADER = "PSC/PSC-Prefix.pch";
				HEADER_SEARCH_PATHS = (
					"\"/Library/OgreSDK/include/OGRE\"",
					"\"/Library/OgreSDK/include/OGRE/OSX\"",
					"\"/Library/OgreSDK/include/OIS\"",
					"\"/Library/OgreSDK/boost_1_46_1\"",
					/usr/local/include,
				);
				INFOPLIST_FILE = "PSC/PSC-Info.plist";
				LIBRARY_SEARCH_PATHS = (
					/usr/local/lib,
					"\"/Library/OgreSDK/lib\"",
				);
				PRODUCT_NAME = "$(TARGET_NAME)";
				WRAPPER_EXTENSION = app;
			};
			name = Debug;
		};
		839EF70114C9ED140034F3AF /* Release */ = {
			isa = XCBuildConfiguration;
			buildSettings = {
				COPY_PHASE_STRIP = YES;
				DEBUG_INFORMATION_FORMAT = "dwarf-with-dsym";
				FRAMEWORK_SEARCH_PATHS = (
					"$(inherited)",
					"\"$(DEVELOPER_FRAMEWORKS_DIR)\"",
				);
				GCC_PRECOMPILE_PREFIX_HEADER = YES;
				GCC_PREFIX_HEADER = "PSC/PSC-Prefix.pch";
				HEADER_SEARCH_PATHS = (
					"\"/Library/OgreSDK/include/OGRE\"",
					"\"/Library/OgreSDK/include/OGRE/OSX\"",
					"\"/Library/OgreSDK/include/OIS\"",
					"\"/Library/OgreSDK/boost_1_46_1\"",
					/usr/local/include,
				);
				INFOPLIST_FILE = "PSC/PSC-Info.plist";
				LIBRARY_SEARCH_PATHS = (
					/usr/local/lib,
					"\"/Library/OgreSDK/lib\"",
				);
				PRODUCT_NAME = "$(TARGET_NAME)";
				WRAPPER_EXTENSION = app;
			};
			name = Release;
		};
/* End XCBuildConfiguration section */

/* Begin XCConfigurationList section */
		839EF6C414C9ED130034F3AF /* Build configuration list for PBXProject "PSC" */ = {
			isa = XCConfigurationList;
			buildConfigurations = (
				839EF6FD14C9ED140034F3AF /* Debug */,
				839EF6FE14C9ED140034F3AF /* Release */,
			);
			defaultConfigurationIsVisible = 0;
			defaultConfigurationName = Release;
		};
		839EF6FF14C9ED140034F3AF /* Build configuration list for PBXNativeTarget "PSC" */ = {
			isa = XCConfigurationList;
			buildConfigurations = (
				839EF70014C9ED140034F3AF /* Debug */,
				839EF70114C9ED140034F3AF /* Release */,
			);
			defaultConfigurationIsVisible = 0;
			defaultConfigurationName = Release;
		};
/* End XCConfigurationList section */
	};
	rootObject = 839EF6C114C9ED130034F3AF /* Project object */;
}
