// !$*UTF8*$!
{
	archiveVersion = 1;
	classes = {
	};
	objectVersion = 46;
	objects = {

/* Begin PBXBuildFile section */
		83025BD514E542060017F4E3 /* libacado.a in Frameworks */ = {isa = PBXBuildFile; fileRef = 83025BD014E542050017F4E3 /* libacado.a */; };
		83025BD614E542060017F4E3 /* libcsparse.a in Frameworks */ = {isa = PBXBuildFile; fileRef = 83025BD114E542060017F4E3 /* libcsparse.a */; };
		83025BD714E542060017F4E3 /* libgnuplot.a in Frameworks */ = {isa = PBXBuildFile; fileRef = 83025BD214E542060017F4E3 /* libgnuplot.a */; };
		83025BD814E542060017F4E3 /* libqpoases-extras.a in Frameworks */ = {isa = PBXBuildFile; fileRef = 83025BD314E542060017F4E3 /* libqpoases-extras.a */; };
		83025BD914E542060017F4E3 /* libqpoases.a in Frameworks */ = {isa = PBXBuildFile; fileRef = 83025BD414E542060017F4E3 /* libqpoases.a */; };
		83025BDB14E542350017F4E3 /* libacado.a in CopyFiles */ = {isa = PBXBuildFile; fileRef = 83025BD014E542050017F4E3 /* libacado.a */; };
		83025BDC14E542370017F4E3 /* libcsparse.a in CopyFiles */ = {isa = PBXBuildFile; fileRef = 83025BD114E542060017F4E3 /* libcsparse.a */; };
		83025BDD14E5423B0017F4E3 /* libgnuplot.a in CopyFiles */ = {isa = PBXBuildFile; fileRef = 83025BD214E542060017F4E3 /* libgnuplot.a */; };
		83025BDE14E5423E0017F4E3 /* libqpoases-extras.a in CopyFiles */ = {isa = PBXBuildFile; fileRef = 83025BD314E542060017F4E3 /* libqpoases-extras.a */; };
		83025BDF14E542400017F4E3 /* libqpoases.a in CopyFiles */ = {isa = PBXBuildFile; fileRef = 83025BD414E542060017F4E3 /* libqpoases.a */; };
		830747A614EC43A300C01E52 /* ConfigurationForDisplay.mm in Sources */ = {isa = PBXBuildFile; fileRef = 830747A514EC43A300C01E52 /* ConfigurationForDisplay.mm */; };
		830747A914EC5C5D00C01E52 /* DatabaseData.cpp in Sources */ = {isa = PBXBuildFile; fileRef = 830747A814EC5C5C00C01E52 /* DatabaseData.cpp */; };
		830747AB14EC5CFA00C01E52 /* GenericSource.cpp in Sources */ = {isa = PBXBuildFile; fileRef = 830747AA14EC5CF900C01E52 /* GenericSource.cpp */; };
		83088EA114F41C320005227E /* CameraStatus.m in Sources */ = {isa = PBXBuildFile; fileRef = 83088EA014F41C320005227E /* CameraStatus.m */; };
		831BC0DF1501522B00614624 /* ConnectionUSB.mm in Sources */ = {isa = PBXBuildFile; fileRef = 831BC0DD1501522B00614624 /* ConnectionUSB.mm */; };
		831BC0E01501522B00614624 /* Position.cpp in Sources */ = {isa = PBXBuildFile; fileRef = 831BC0DE1501522B00614624 /* Position.cpp */; };
		8349FCBD14CCA9670028E058 /* RenderSystem_GL.dylib in Frameworks */ = {isa = PBXBuildFile; fileRef = 8349FCBC14CCA9670028E058 /* RenderSystem_GL.dylib */; };
		8351BC3E14E6D418005C058D /* Record.cpp in Sources */ = {isa = PBXBuildFile; fileRef = 8351BC3D14E6D418005C058D /* Record.cpp */; };
		8351BC4014E6D8E6005C058D /* libboost_date_time-xgcc42-mt-1_48.dylib in Frameworks */ = {isa = PBXBuildFile; fileRef = 8351BC3F14E6D8E5005C058D /* libboost_date_time-xgcc42-mt-1_48.dylib */; };
		8351BC4314E6DB70005C058D /* Source.cpp in Sources */ = {isa = PBXBuildFile; fileRef = 8351BC4214E6DB70005C058D /* Source.cpp */; };
		8351BC4614E6DC93005C058D /* Donnee.cpp in Sources */ = {isa = PBXBuildFile; fileRef = 8351BC4514E6DC93005C058D /* Donnee.cpp */; };
		8354B42C150E95050066EC6F /* CommandeMoteur.cpp in Sources */ = {isa = PBXBuildFile; fileRef = 8354B42B150E95050066EC6F /* CommandeMoteur.cpp */; };
		8376E09714D590D900ABECEA /* WebcamCalibrationController.mm in Sources */ = {isa = PBXBuildFile; fileRef = 8376E09514D590D900ABECEA /* WebcamCalibrationController.mm */; };
		8376E09814D590D900ABECEA /* WebcamCalibrationController.xib in Resources */ = {isa = PBXBuildFile; fileRef = 8376E09614D590D900ABECEA /* WebcamCalibrationController.xib */; };
		8376E09C14D5918800ABECEA /* CalibrationCamera.cpp in Sources */ = {isa = PBXBuildFile; fileRef = 8376E09B14D5918800ABECEA /* CalibrationCamera.cpp */; };
		8376E09F14D5943900ABECEA /* libopencv_core.dylib in Frameworks */ = {isa = PBXBuildFile; fileRef = 8376E09E14D5943900ABECEA /* libopencv_core.dylib */; };
		8376E0A314D5A21100ABECEA /* libopencv_calib3d.dylib in Frameworks */ = {isa = PBXBuildFile; fileRef = 8376E0A014D5A21100ABECEA /* libopencv_calib3d.dylib */; };
		8376E0A414D5A21100ABECEA /* libopencv_highgui.dylib in Frameworks */ = {isa = PBXBuildFile; fileRef = 8376E0A114D5A21100ABECEA /* libopencv_highgui.dylib */; };
		8376E0A514D5A21100ABECEA /* libopencv_imgproc.dylib in Frameworks */ = {isa = PBXBuildFile; fileRef = 8376E0A214D5A21100ABECEA /* libopencv_imgproc.dylib */; };
		837D29F215014CC600221B7A /* ConnectionUSB.mm in Sources */ = {isa = PBXBuildFile; fileRef = 837D29F115014CC600221B7A /* ConnectionUSB.mm */; };
		837D29F415014DF000221B7A /* Position.cpp in Sources */ = {isa = PBXBuildFile; fileRef = 837D29F315014DF000221B7A /* Position.cpp */; };
		837D55DE14CCC612002CD3DA /* OgreDemoApp.mm in Sources */ = {isa = PBXBuildFile; fileRef = 83BC6EB714CC99DA002396A5 /* OgreDemoApp.mm */; };
		83867FD2150539D00004ED08 /* Asservissement.cpp in Sources */ = {isa = PBXBuildFile; fileRef = 83867FC8150539D00004ED08 /* Asservissement.cpp */; };
		83867FD3150539D00004ED08 /* ControleOptimal.cpp in Sources */ = {isa = PBXBuildFile; fileRef = 83867FCC150539D00004ED08 /* ControleOptimal.cpp */; };
		83867FD4150539D00004ED08 /* EtatSysteme.cpp in Sources */ = {isa = PBXBuildFile; fileRef = 83867FCE150539D00004ED08 /* EtatSysteme.cpp */; };
		83A27C4014E9388200B60BFC /* SourceForDisplay.mm in Sources */ = {isa = PBXBuildFile; fileRef = 83A27C3F14E9388200B60BFC /* SourceForDisplay.mm */; };
		83A27C4314E938A300B60BFC /* RecordForDisplay.mm in Sources */ = {isa = PBXBuildFile; fileRef = 83A27C4214E938A300B60BFC /* RecordForDisplay.mm */; };
		83A388B114CD8FB6009D7636 /* sidebarContent.xml in Resources */ = {isa = PBXBuildFile; fileRef = 83A388B014CD8FB6009D7636 /* sidebarContent.xml */; };
		83A388B314CD8FCA009D7636 /* sidebarContent.xml in CopyFiles */ = {isa = PBXBuildFile; fileRef = 83A388B014CD8FB6009D7636 /* sidebarContent.xml */; };
		83AA3A2014E6456B00C39446 /* psc.database.sqlite in Resources */ = {isa = PBXBuildFile; fileRef = 83AA3A1F14E6456B00C39446 /* psc.database.sqlite */; };
		83AA3A2214E645C700C39446 /* Database.cpp in Sources */ = {isa = PBXBuildFile; fileRef = 83AA3A2114E645C700C39446 /* Database.cpp */; };
		83AA3A2514E6462E00C39446 /* libsqlite3.dylib in Frameworks */ = {isa = PBXBuildFile; fileRef = 83AA3A2414E6462E00C39446 /* libsqlite3.dylib */; };
		83B56FB614EAC831002AA428 /* CreateFieldController.mm in Sources */ = {isa = PBXBuildFile; fileRef = 83B56FB514EAC831002AA428 /* CreateFieldController.mm */; };
		83B56FBA14EAC844002AA428 /* EditFieldSingleValue.mm in Sources */ = {isa = PBXBuildFile; fileRef = 83B56FB914EAC844002AA428 /* EditFieldSingleValue.mm */; };
		83B56FBD14EAC857002AA428 /* EditFieldMatrix.mm in Sources */ = {isa = PBXBuildFile; fileRef = 83B56FBC14EAC857002AA428 /* EditFieldMatrix.mm */; };
		83B56FC314EB275B002AA428 /* EditFieldVector.mm in Sources */ = {isa = PBXBuildFile; fileRef = 83B56FC214EB275B002AA428 /* EditFieldVector.mm */; };
		83B56FC714EBA1F6002AA428 /* DataTypes.cpp in Sources */ = {isa = PBXBuildFile; fileRef = 83B56FC614EBA1F6002AA428 /* DataTypes.cpp */; };
		83B601E414CD83DB0022569F /* CellView.mm in Sources */ = {isa = PBXBuildFile; fileRef = 83B601D714CD83DB0022569F /* CellView.mm */; };
		83B601E514CD83DB0022569F /* NSArrayExt.mm in Sources */ = {isa = PBXBuildFile; fileRef = 83B601D914CD83DB0022569F /* NSArrayExt.mm */; };
		83B601E614CD83DB0022569F /* NSIndexPathExt.mm in Sources */ = {isa = PBXBuildFile; fileRef = 83B601DB14CD83DB0022569F /* NSIndexPathExt.mm */; };
		83B601E714CD83DB0022569F /* Sidebar.mm in Sources */ = {isa = PBXBuildFile; fileRef = 83B601DD14CD83DB0022569F /* Sidebar.mm */; };
		83B601E814CD83DB0022569F /* SidebarBadgeCell.mm in Sources */ = {isa = PBXBuildFile; fileRef = 83B601DF14CD83DB0022569F /* SidebarBadgeCell.mm */; };
		83B601E914CD83DB0022569F /* SidebarNode.mm in Sources */ = {isa = PBXBuildFile; fileRef = 83B601E114CD83DB0022569F /* SidebarNode.mm */; };
		83B601EA14CD83DB0022569F /* FoldersView.mm in Sources */ = {isa = PBXBuildFile; fileRef = 83B601E314CD83DB0022569F /* FoldersView.mm */; };
		83BAF05914E7A860000880F0 /* Utilities.mm in Sources */ = {isa = PBXBuildFile; fileRef = 83BAF05814E7A860000880F0 /* Utilities.mm */; };
		83BAF05D14E7B43C000880F0 /* NumericValue.cpp in Sources */ = {isa = PBXBuildFile; fileRef = 83BAF05C14E7B43C000880F0 /* NumericValue.cpp */; };
		83BC6E3014CC98AF002396A5 /* Cocoa.framework in Frameworks */ = {isa = PBXBuildFile; fileRef = 83BC6E2F14CC98AF002396A5 /* Cocoa.framework */; };
		83BC6E3A14CC98AF002396A5 /* InfoPlist.strings in Resources */ = {isa = PBXBuildFile; fileRef = 83BC6E3814CC98AF002396A5 /* InfoPlist.strings */; };
		83BC6E4014CC98AF002396A5 /* Credits.rtf in Resources */ = {isa = PBXBuildFile; fileRef = 83BC6E3E14CC98AF002396A5 /* Credits.rtf */; };
		83BC6E8A14CC9997002396A5 /* Dynamixel.cpp in Sources */ = {isa = PBXBuildFile; fileRef = 83BC6E5614CC9997002396A5 /* Dynamixel.cpp */; };
		83BC6E8B14CC9997002396A5 /* hid.c in Sources */ = {isa = PBXBuildFile; fileRef = 83BC6E5814CC9997002396A5 /* hid.c */; };
		83BC6E8C14CC9997002396A5 /* InterfaceUSB.cpp in Sources */ = {isa = PBXBuildFile; fileRef = 83BC6E5A14CC9997002396A5 /* InterfaceUSB.cpp */; };
		83BC6E8D14CC9997002396A5 /* Joystick.mm in Sources */ = {isa = PBXBuildFile; fileRef = 83BC6E5D14CC9997002396A5 /* Joystick.mm */; };
		83BC6E8E14CC9997002396A5 /* Matrice.cpp in Sources */ = {isa = PBXBuildFile; fileRef = 83BC6E6014CC9997002396A5 /* Matrice.cpp */; };
		83BC6E8F14CC9997002396A5 /* Plan.cpp in Sources */ = {isa = PBXBuildFile; fileRef = 83BC6E6214CC9997002396A5 /* Plan.cpp */; };
		83BC6E9014CC9997002396A5 /* Point.cpp in Sources */ = {isa = PBXBuildFile; fileRef = 83BC6E6414CC9997002396A5 /* Point.cpp */; };
		83BC6E9114CC9997002396A5 /* Quaternion.cpp in Sources */ = {isa = PBXBuildFile; fileRef = 83BC6E6614CC9997002396A5 /* Quaternion.cpp */; };
		83BC6E9214CC9997002396A5 /* Referentiel3D.cpp in Sources */ = {isa = PBXBuildFile; fileRef = 83BC6E6814CC9997002396A5 /* Referentiel3D.cpp */; };
		83BC6E9314CC9997002396A5 /* Vecteur.cpp in Sources */ = {isa = PBXBuildFile; fileRef = 83BC6E6A14CC9997002396A5 /* Vecteur.cpp */; };
		83BC6E9414CC9997002396A5 /* Vecteur3D.cpp in Sources */ = {isa = PBXBuildFile; fileRef = 83BC6E6C14CC9997002396A5 /* Vecteur3D.cpp */; };
		83BC6E9514CC9997002396A5 /* kite.material in Resources */ = {isa = PBXBuildFile; fileRef = 83BC6E6F14CC9997002396A5 /* kite.material */; };
		83BC6E9614CC9997002396A5 /* kite.mesh in Resources */ = {isa = PBXBuildFile; fileRef = 83BC6E7014CC9997002396A5 /* kite.mesh */; };
		83BC6E9714CC9997002396A5 /* kite.mesh.xml in Resources */ = {isa = PBXBuildFile; fileRef = 83BC6E7114CC9997002396A5 /* kite.mesh.xml */; };
		83BC6E9814CC9997002396A5 /* Moteur3D.mm in Sources */ = {isa = PBXBuildFile; fileRef = 83BC6E7314CC9997002396A5 /* Moteur3D.mm */; };
		83BC6E9914CC9997002396A5 /* SDLMain.m in Sources */ = {isa = PBXBuildFile; fileRef = 83BC6E7714CC9997002396A5 /* SDLMain.m */; };
		83BC6E9A14CC9997002396A5 /* Action.cpp in Sources */ = {isa = PBXBuildFile; fileRef = 83BC6E7914CC9997002396A5 /* Action.cpp */; };
		83BC6E9C14CC9997002396A5 /* Referentiel.cpp in Sources */ = {isa = PBXBuildFile; fileRef = 83BC6E7D14CC9997002396A5 /* Referentiel.cpp */; };
		83BC6E9D14CC9997002396A5 /* Solide.cpp in Sources */ = {isa = PBXBuildFile; fileRef = 83BC6E7F14CC9997002396A5 /* Solide.cpp */; };
		83BC6E9E14CC9997002396A5 /* State.cpp in Sources */ = {isa = PBXBuildFile; fileRef = 83BC6E8114CC9997002396A5 /* State.cpp */; };
		83BC6E9F14CC9997002396A5 /* Tests.cpp in Sources */ = {isa = PBXBuildFile; fileRef = 83BC6E8314CC9997002396A5 /* Tests.cpp */; };
		83BC6EA114CC9997002396A5 /* UIController.mm in Sources */ = {isa = PBXBuildFile; fileRef = 83BC6E8914CC9997002396A5 /* UIController.mm */; };
		83BC6EBF14CC99DA002396A5 /* AppDelegate.mm in Sources */ = {isa = PBXBuildFile; fileRef = 83BC6EA414CC99DA002396A5 /* AppDelegate.mm */; };
		83BC6EC014CC99DA002396A5 /* main.mm in Sources */ = {isa = PBXBuildFile; fileRef = 83BC6EA514CC99DA002396A5 /* main.mm */; };
		83BC6EC114CC99DA002396A5 /* Examples.material in Resources */ = {isa = PBXBuildFile; fileRef = 83BC6EA914CC99DA002396A5 /* Examples.material */; };
		83BC6EC214CC99DA002396A5 /* Ogre.material in Resources */ = {isa = PBXBuildFile; fileRef = 83BC6EAA14CC99DA002396A5 /* Ogre.material */; };
		83BC6EC314CC99DA002396A5 /* GreenSkin.jpg in Resources */ = {isa = PBXBuildFile; fileRef = 83BC6EAC14CC99DA002396A5 /* GreenSkin.jpg */; };
		83BC6EC414CC99DA002396A5 /* spheremap.png in Resources */ = {isa = PBXBuildFile; fileRef = 83BC6EAD14CC99DA002396A5 /* spheremap.png */; };
		83BC6EC514CC99DA002396A5 /* tusk.jpg in Resources */ = {isa = PBXBuildFile; fileRef = 83BC6EAE14CC99DA002396A5 /* tusk.jpg */; };
		83BC6EC614CC99DA002396A5 /* ogrehead.mesh in Resources */ = {isa = PBXBuildFile; fileRef = 83BC6EB014CC99DA002396A5 /* ogrehead.mesh */; };
		83BC6EC714CC99DA002396A5 /* cubemap.zip in Resources */ = {isa = PBXBuildFile; fileRef = 83BC6EB214CC99DA002396A5 /* cubemap.zip */; };
		83BC6EC814CC99DA002396A5 /* cubemapsJS.zip in Resources */ = {isa = PBXBuildFile; fileRef = 83BC6EB314CC99DA002396A5 /* cubemapsJS.zip */; };
		83BC6EC914CC99DA002396A5 /* SdkTrays.zip in Resources */ = {isa = PBXBuildFile; fileRef = 83BC6EB414CC99DA002396A5 /* SdkTrays.zip */; };
		83BC6ECA14CC99DA002396A5 /* skybox.zip in Resources */ = {isa = PBXBuildFile; fileRef = 83BC6EB514CC99DA002396A5 /* skybox.zip */; };
		83BC6ECB14CC99DA002396A5 /* ogre.cfg in Resources */ = {isa = PBXBuildFile; fileRef = 83BC6EB614CC99DA002396A5 /* ogre.cfg */; };
		83BC6ECD14CC99DA002396A5 /* OgreFramework.mm in Sources */ = {isa = PBXBuildFile; fileRef = 83BC6EBA14CC99DA002396A5 /* OgreFramework.mm */; };
		83BC6ECE14CC99DA002396A5 /* plugins.cfg in Resources */ = {isa = PBXBuildFile; fileRef = 83BC6EBB14CC99DA002396A5 /* plugins.cfg */; };
		83BC6ECF14CC99DA002396A5 /* PSC-Info.plist in Resources */ = {isa = PBXBuildFile; fileRef = 83BC6EBC14CC99DA002396A5 /* PSC-Info.plist */; };
		83BC6ED014CC99DA002396A5 /* resources.cfg in Resources */ = {isa = PBXBuildFile; fileRef = 83BC6EBE14CC99DA002396A5 /* resources.cfg */; };
		83BC6EDD14CC9AD5002396A5 /* CoreData.framework in Frameworks */ = {isa = PBXBuildFile; fileRef = 83BC6ED214CC9AD4002396A5 /* CoreData.framework */; };
		83BC6EDE14CC9AD5002396A5 /* Foundation.framework in Frameworks */ = {isa = PBXBuildFile; fileRef = 83BC6ED314CC9AD4002396A5 /* Foundation.framework */; };
		83BC6EDF14CC9AD5002396A5 /* libboost_system-xgcc42-mt-1_48.dylib in Frameworks */ = {isa = PBXBuildFile; fileRef = 83BC6ED414CC9AD4002396A5 /* libboost_system-xgcc42-mt-1_48.dylib */; };
		83BC6EE014CC9AD5002396A5 /* libboost_thread-xgcc42-mt-1_48.dylib in Frameworks */ = {isa = PBXBuildFile; fileRef = 83BC6ED514CC9AD4002396A5 /* libboost_thread-xgcc42-mt-1_48.dylib */; };
		83BC6EE114CC9AD5002396A5 /* AppKit.framework in Frameworks */ = {isa = PBXBuildFile; fileRef = 83BC6ED614CC9AD4002396A5 /* AppKit.framework */; };
		83BC6EE214CC9AD5002396A5 /* SDL.framework in Frameworks */ = {isa = PBXBuildFile; fileRef = 83BC6ED714CC9AD4002396A5 /* SDL.framework */; };
		83BC6EE314CC9AD5002396A5 /* Carbon.framework in Frameworks */ = {isa = PBXBuildFile; fileRef = 83BC6ED814CC9AD4002396A5 /* Carbon.framework */; };
		83BC6EE414CC9AD5002396A5 /* IOKit.framework in Frameworks */ = {isa = PBXBuildFile; fileRef = 83BC6ED914CC9AD4002396A5 /* IOKit.framework */; };
		83BC6EE514CC9AD5002396A5 /* Ogre.framework in Frameworks */ = {isa = PBXBuildFile; fileRef = 83BC6EDA14CC9AD4002396A5 /* Ogre.framework */; };
		83BC6EE614CC9AD5002396A5 /* OpenGL.framework in Frameworks */ = {isa = PBXBuildFile; fileRef = 83BC6EDB14CC9AD4002396A5 /* OpenGL.framework */; };
		83BC6EE714CC9AD5002396A5 /* QuartzCore.framework in Frameworks */ = {isa = PBXBuildFile; fileRef = 83BC6EDC14CC9AD4002396A5 /* QuartzCore.framework */; };
		83BC6EEA14CC9B47002396A5 /* SDL.framework in CopyFiles */ = {isa = PBXBuildFile; fileRef = 83BC6ED714CC9AD4002396A5 /* SDL.framework */; };
		83F586AD14CDA94200DA0F60 /* SimulationController.mm in Sources */ = {isa = PBXBuildFile; fileRef = 83F586AB14CDA94200DA0F60 /* SimulationController.mm */; };
		83F586AE14CDA94200DA0F60 /* SimulationController.xib in Resources */ = {isa = PBXBuildFile; fileRef = 83F586AC14CDA94200DA0F60 /* SimulationController.xib */; };
		83F586B214CDB09D00DA0F60 /* WebcamController.m in Sources */ = {isa = PBXBuildFile; fileRef = 83F586B014CDB09D00DA0F60 /* WebcamController.m */; };
		83F586B314CDB09D00DA0F60 /* WebcamController.xib in Resources */ = {isa = PBXBuildFile; fileRef = 83F586B114CDB09D00DA0F60 /* WebcamController.xib */; };
		83F586B714CDB0B100DA0F60 /* ComparaisonController.m in Sources */ = {isa = PBXBuildFile; fileRef = 83F586B514CDB0B100DA0F60 /* ComparaisonController.m */; };
		83F586B814CDB0B100DA0F60 /* ComparaisonController.xib in Resources */ = {isa = PBXBuildFile; fileRef = 83F586B614CDB0B100DA0F60 /* ComparaisonController.xib */; };
		83F586BC14CDB0BE00DA0F60 /* MoteurController.mm in Sources */ = {isa = PBXBuildFile; fileRef = 83F586BA14CDB0BE00DA0F60 /* MoteurController.mm */; };
		83F586BD14CDB0BE00DA0F60 /* MoteurController.xib in Resources */ = {isa = PBXBuildFile; fileRef = 83F586BB14CDB0BE00DA0F60 /* MoteurController.xib */; };
		83F586C814CDB73F00DA0F60 /* Status.m in Sources */ = {isa = PBXBuildFile; fileRef = 83F586C714CDB73F00DA0F60 /* Status.m */; };
		83F586CF14CDE69900DA0F60 /* StatusController.mm in Sources */ = {isa = PBXBuildFile; fileRef = 83F586CD14CDE69900DA0F60 /* StatusController.mm */; };
		83F586D014CDE69900DA0F60 /* StatusController.xib in Resources */ = {isa = PBXBuildFile; fileRef = 83F586CE14CDE69900DA0F60 /* StatusController.xib */; };
		83F586D414CDEB5F00DA0F60 /* status0.png in Resources */ = {isa = PBXBuildFile; fileRef = 83F586D114CDEB5F00DA0F60 /* status0.png */; };
		83F586D514CDEB5F00DA0F60 /* status1.png in Resources */ = {isa = PBXBuildFile; fileRef = 83F586D214CDEB5F00DA0F60 /* status1.png */; };
		83F586D614CDEB5F00DA0F60 /* status2.png in Resources */ = {isa = PBXBuildFile; fileRef = 83F586D314CDEB5F00DA0F60 /* status2.png */; };
		83F586D714CDEB7000DA0F60 /* status0.png in CopyFiles */ = {isa = PBXBuildFile; fileRef = 83F586D114CDEB5F00DA0F60 /* status0.png */; };
		83F586D814CDEB7200DA0F60 /* status1.png in CopyFiles */ = {isa = PBXBuildFile; fileRef = 83F586D214CDEB5F00DA0F60 /* status1.png */; };
		83F586D914CDEB7400DA0F60 /* status2.png in CopyFiles */ = {isa = PBXBuildFile; fileRef = 83F586D314CDEB5F00DA0F60 /* status2.png */; };
		83F586E014CDFB7800DA0F60 /* StatusController.xib in CopyFiles */ = {isa = PBXBuildFile; fileRef = 83F586CE14CDE69900DA0F60 /* StatusController.xib */; };
		83F586E214CE210A00DA0F60 /* QTKit.framework in Frameworks */ = {isa = PBXBuildFile; fileRef = 83F586E114CE210900DA0F60 /* QTKit.framework */; };
		83F586E614CEF25600DA0F60 /* SimulationController.xib in CopyFiles */ = {isa = PBXBuildFile; fileRef = 83F586AC14CDA94200DA0F60 /* SimulationController.xib */; };
		83F586E714CEF25900DA0F60 /* WebcamController.xib in CopyFiles */ = {isa = PBXBuildFile; fileRef = 83F586B114CDB09D00DA0F60 /* WebcamController.xib */; };
		83F586E814CEF25A00DA0F60 /* ComparaisonController.xib in CopyFiles */ = {isa = PBXBuildFile; fileRef = 83F586B614CDB0B100DA0F60 /* ComparaisonController.xib */; };
		83F586E914CEF25D00DA0F60 /* MoteurController.xib in CopyFiles */ = {isa = PBXBuildFile; fileRef = 83F586BB14CDB0BE00DA0F60 /* MoteurController.xib */; };
		83F586EB14CF014200DA0F60 /* Application.xib in Resources */ = {isa = PBXBuildFile; fileRef = 83F586EA14CF014200DA0F60 /* Application.xib */; };
		83F586EC14CF015100DA0F60 /* Application.xib in CopyFiles */ = {isa = PBXBuildFile; fileRef = 83F586EA14CF014200DA0F60 /* Application.xib */; };
		83F65BE414DA1C60006B7C60 /* NSImage_OpenCV.mm in Sources */ = {isa = PBXBuildFile; fileRef = 83F65BE314DA1C60006B7C60 /* NSImage_OpenCV.mm */; };
		83F65BE714DA2769006B7C60 /* NSImage+CIImage.m in Sources */ = {isa = PBXBuildFile; fileRef = 83F65BE614DA2769006B7C60 /* NSImage+CIImage.m */; };
		83F65BEA14DA288F006B7C60 /* NSBitmapImageRep+Extras.m in Sources */ = {isa = PBXBuildFile; fileRef = 83F65BE914DA288F006B7C60 /* NSBitmapImageRep+Extras.m */; };
		83F6CC0814EA7A170096890B /* DatabaseController.mm in Sources */ = {isa = PBXBuildFile; fileRef = 83F6CC0614EA7A170096890B /* DatabaseController.mm */; };
		83F6CC0914EA7A170096890B /* DatabaseController.xib in Resources */ = {isa = PBXBuildFile; fileRef = 83F6CC0714EA7A170096890B /* DatabaseController.xib */; };
/* End PBXBuildFile section */

/* Begin PBXCopyFilesBuildPhase section */
		83BC6EE914CC9B3C002396A5 /* CopyFiles */ = {
			isa = PBXCopyFilesBuildPhase;
			buildActionMask = 2147483647;
			dstPath = "";
			dstSubfolderSpec = 10;
			files = (
				83BC6EEA14CC9B47002396A5 /* SDL.framework in CopyFiles */,
				83025BDB14E542350017F4E3 /* libacado.a in CopyFiles */,
				83025BDC14E542370017F4E3 /* libcsparse.a in CopyFiles */,
				83025BDD14E5423B0017F4E3 /* libgnuplot.a in CopyFiles */,
				83025BDE14E5423E0017F4E3 /* libqpoases-extras.a in CopyFiles */,
				83025BDF14E542400017F4E3 /* libqpoases.a in CopyFiles */,
			);
			runOnlyForDeploymentPostprocessing = 0;
		};
		83BC6EEB14CC9B4E002396A5 /* CopyFiles */ = {
			isa = PBXCopyFilesBuildPhase;
			buildActionMask = 2147483647;
			dstPath = "";
			dstSubfolderSpec = 7;
			files = (
				83F586D914CDEB7400DA0F60 /* status2.png in CopyFiles */,
				83F586E014CDFB7800DA0F60 /* StatusController.xib in CopyFiles */,
				83F586E614CEF25600DA0F60 /* SimulationController.xib in CopyFiles */,
				83F586EC14CF015100DA0F60 /* Application.xib in CopyFiles */,
				83F586D814CDEB7200DA0F60 /* status1.png in CopyFiles */,
				83F586E714CEF25900DA0F60 /* WebcamController.xib in CopyFiles */,
				83F586E914CEF25D00DA0F60 /* MoteurController.xib in CopyFiles */,
				83F586E814CEF25A00DA0F60 /* ComparaisonController.xib in CopyFiles */,
				83A388B314CD8FCA009D7636 /* sidebarContent.xml in CopyFiles */,
				83F586D714CDEB7000DA0F60 /* status0.png in CopyFiles */,
			);
			runOnlyForDeploymentPostprocessing = 0;
		};
/* End PBXCopyFilesBuildPhase section */

/* Begin PBXFileReference section */
		83025BD014E542050017F4E3 /* libacado.a */ = {isa = PBXFileReference; lastKnownFileType = archive.ar; name = libacado.a; path = /usr/local/lib/acado/libacado.a; sourceTree = "<absolute>"; };
		83025BD114E542060017F4E3 /* libcsparse.a */ = {isa = PBXFileReference; lastKnownFileType = archive.ar; name = libcsparse.a; path = /usr/local/lib/acado/libcsparse.a; sourceTree = "<absolute>"; };
		83025BD214E542060017F4E3 /* libgnuplot.a */ = {isa = PBXFileReference; lastKnownFileType = archive.ar; name = libgnuplot.a; path = /usr/local/lib/acado/libgnuplot.a; sourceTree = "<absolute>"; };
		83025BD314E542060017F4E3 /* libqpoases-extras.a */ = {isa = PBXFileReference; lastKnownFileType = archive.ar; name = "libqpoases-extras.a"; path = "/usr/local/lib/acado/libqpoases-extras.a"; sourceTree = "<absolute>"; };
		83025BD414E542060017F4E3 /* libqpoases.a */ = {isa = PBXFileReference; lastKnownFileType = archive.ar; name = libqpoases.a; path = /usr/local/lib/acado/libqpoases.a; sourceTree = "<absolute>"; };
		830747A414EC43A300C01E52 /* ConfigurationForDisplay.h */ = {isa = PBXFileReference; fileEncoding = 4; lastKnownFileType = sourcecode.c.h; path = ConfigurationForDisplay.h; sourceTree = "<group>"; };
		830747A514EC43A300C01E52 /* ConfigurationForDisplay.mm */ = {isa = PBXFileReference; fileEncoding = 4; lastKnownFileType = sourcecode.cpp.objcpp; path = ConfigurationForDisplay.mm; sourceTree = "<group>"; };
		830747A814EC5C5C00C01E52 /* DatabaseData.cpp */ = {isa = PBXFileReference; fileEncoding = 4; lastKnownFileType = sourcecode.cpp.cpp; path = DatabaseData.cpp; sourceTree = "<group>"; };
		830747AA14EC5CF900C01E52 /* GenericSource.cpp */ = {isa = PBXFileReference; fileEncoding = 4; lastKnownFileType = sourcecode.cpp.cpp; path = GenericSource.cpp; sourceTree = "<group>"; };
		83088E9F14F41C320005227E /* CameraStatus.h */ = {isa = PBXFileReference; fileEncoding = 4; lastKnownFileType = sourcecode.c.h; name = CameraStatus.h; path = Status/CameraStatus.h; sourceTree = "<group>"; };
		83088EA014F41C320005227E /* CameraStatus.m */ = {isa = PBXFileReference; fileEncoding = 4; lastKnownFileType = sourcecode.c.objc; name = CameraStatus.m; path = Status/CameraStatus.m; sourceTree = "<group>"; };
		831BC0C5150151BD00614624 /* CameraStatus.h */ = {isa = PBXFileReference; fileEncoding = 4; lastKnownFileType = sourcecode.c.h; name = CameraStatus.h; path = Status/CameraStatus.h; sourceTree = "<group>"; };
		831BC0C6150151BD00614624 /* CameraStatus.m */ = {isa = PBXFileReference; fileEncoding = 4; lastKnownFileType = sourcecode.c.objc; name = CameraStatus.m; path = Status/CameraStatus.m; sourceTree = "<group>"; };
		831BC0DB1501522B00614624 /* CommunicationProtocol.h */ = {isa = PBXFileReference; fileEncoding = 4; lastKnownFileType = sourcecode.c.h; path = CommunicationProtocol.h; sourceTree = "<group>"; };
		831BC0DC1501522B00614624 /* ConnectionUSB.h */ = {isa = PBXFileReference; fileEncoding = 4; lastKnownFileType = sourcecode.c.h; path = ConnectionUSB.h; sourceTree = "<group>"; };
		831BC0DD1501522B00614624 /* ConnectionUSB.mm */ = {isa = PBXFileReference; fileEncoding = 4; lastKnownFileType = sourcecode.cpp.objcpp; path = ConnectionUSB.mm; sourceTree = "<group>"; };
		831BC0DE1501522B00614624 /* Position.cpp */ = {isa = PBXFileReference; fileEncoding = 4; lastKnownFileType = sourcecode.cpp.cpp; path = Position.cpp; sourceTree = "<group>"; };
		831BC0E11501524200614624 /* AngleAbsolu.h */ = {isa = PBXFileReference; fileEncoding = 4; lastKnownFileType = sourcecode.c.h; path = AngleAbsolu.h; sourceTree = "<group>"; };
		831BC0E21501536B00614624 /* VitesseRotation.h */ = {isa = PBXFileReference; fileEncoding = 4; lastKnownFileType = sourcecode.c.h; path = VitesseRotation.h; sourceTree = "<group>"; };
		8349FCB914CCA14E0028E058 /* OgreOSXCocoaView.h */ = {isa = PBXFileReference; fileEncoding = 4; lastKnownFileType = sourcecode.c.h; name = OgreOSXCocoaView.h; path = ../../../../../../../Library/OgreSDK/lib/release/Ogre.framework/Versions/1.7.4/Headers/OSX/OgreOSXCocoaView.h; sourceTree = "<group>"; };
		8349FCBC14CCA9670028E058 /* RenderSystem_GL.dylib */ = {isa = PBXFileReference; lastKnownFileType = "compiled.mach-o.dylib"; name = RenderSystem_GL.dylib; path = /Library/OgreSDK/lib/RenderSystem_GL.dylib; sourceTree = "<absolute>"; };
		8351BC3714E6AFB3005C058D /* DatabaseData.h */ = {isa = PBXFileReference; fileEncoding = 4; lastKnownFileType = sourcecode.c.h; lineEnding = 0; path = DatabaseData.h; sourceTree = "<group>"; xcLanguageSpecificationIdentifier = xcode.lang.objcpp; };
		8351BC3C14E6D40F005C058D /* Record.h */ = {isa = PBXFileReference; fileEncoding = 4; lastKnownFileType = sourcecode.c.h; path = Record.h; sourceTree = "<group>"; };
		8351BC3D14E6D418005C058D /* Record.cpp */ = {isa = PBXFileReference; fileEncoding = 4; lastKnownFileType = sourcecode.cpp.cpp; path = Record.cpp; sourceTree = "<group>"; };
		8351BC3F14E6D8E5005C058D /* libboost_date_time-xgcc42-mt-1_48.dylib */ = {isa = PBXFileReference; lastKnownFileType = "compiled.mach-o.dylib"; name = "libboost_date_time-xgcc42-mt-1_48.dylib"; path = "usr/local/lib/libboost_date_time-xgcc42-mt-1_48.dylib"; sourceTree = SDKROOT; };
		8351BC4114E6DB60005C058D /* Source.h */ = {isa = PBXFileReference; fileEncoding = 4; lastKnownFileType = sourcecode.c.h; lineEnding = 0; path = Source.h; sourceTree = "<group>"; xcLanguageSpecificationIdentifier = xcode.lang.objcpp; };
		8351BC4214E6DB70005C058D /* Source.cpp */ = {isa = PBXFileReference; fileEncoding = 4; lastKnownFileType = sourcecode.cpp.cpp; lineEnding = 0; path = Source.cpp; sourceTree = "<group>"; xcLanguageSpecificationIdentifier = xcode.lang.cpp; };
		8351BC4414E6DC86005C058D /* Donnee.h */ = {isa = PBXFileReference; fileEncoding = 4; lastKnownFileType = sourcecode.c.h; lineEnding = 0; path = Donnee.h; sourceTree = "<group>"; xcLanguageSpecificationIdentifier = xcode.lang.objcpp; };
		8351BC4514E6DC93005C058D /* Donnee.cpp */ = {isa = PBXFileReference; fileEncoding = 4; lastKnownFileType = sourcecode.cpp.cpp; lineEnding = 0; path = Donnee.cpp; sourceTree = "<group>"; xcLanguageSpecificationIdentifier = xcode.lang.cpp; };
		8354B407150E38750066EC6F /* Trajectoire.h */ = {isa = PBXFileReference; fileEncoding = 4; lastKnownFileType = sourcecode.c.h; path = Trajectoire.h; sourceTree = "<group>"; };
		8354B42B150E95050066EC6F /* CommandeMoteur.cpp */ = {isa = PBXFileReference; fileEncoding = 4; lastKnownFileType = sourcecode.cpp.cpp; path = CommandeMoteur.cpp; sourceTree = "<group>"; };
		8376E09414D590D900ABECEA /* WebcamCalibrationController.h */ = {isa = PBXFileReference; fileEncoding = 4; lastKnownFileType = sourcecode.c.h; path = WebcamCalibrationController.h; sourceTree = "<group>"; };
		8376E09514D590D900ABECEA /* WebcamCalibrationController.mm */ = {isa = PBXFileReference; fileEncoding = 4; lastKnownFileType = sourcecode.cpp.objcpp; path = WebcamCalibrationController.mm; sourceTree = "<group>"; };
		8376E09614D590D900ABECEA /* WebcamCalibrationController.xib */ = {isa = PBXFileReference; fileEncoding = 4; lastKnownFileType = file.xib; path = WebcamCalibrationController.xib; sourceTree = "<group>"; };
		8376E09B14D5918800ABECEA /* CalibrationCamera.cpp */ = {isa = PBXFileReference; fileEncoding = 4; lastKnownFileType = sourcecode.cpp.cpp; name = CalibrationCamera.cpp; path = TraitementVideo/CalibrationCamera.cpp; sourceTree = "<group>"; };
		8376E09D14D5919900ABECEA /* CalibrationCamera.h */ = {isa = PBXFileReference; fileEncoding = 4; lastKnownFileType = sourcecode.c.h; lineEnding = 0; name = CalibrationCamera.h; path = TraitementVideo/CalibrationCamera.h; sourceTree = "<group>"; xcLanguageSpecificationIdentifier = xcode.lang.objcpp; };
		8376E09E14D5943900ABECEA /* libopencv_core.dylib */ = {isa = PBXFileReference; lastKnownFileType = "compiled.mach-o.dylib"; name = libopencv_core.dylib; path = usr/local/lib/libopencv_core.dylib; sourceTree = SDKROOT; };
		8376E0A014D5A21100ABECEA /* libopencv_calib3d.dylib */ = {isa = PBXFileReference; lastKnownFileType = "compiled.mach-o.dylib"; name = libopencv_calib3d.dylib; path = usr/local/lib/libopencv_calib3d.dylib; sourceTree = SDKROOT; };
		8376E0A114D5A21100ABECEA /* libopencv_highgui.dylib */ = {isa = PBXFileReference; lastKnownFileType = "compiled.mach-o.dylib"; name = libopencv_highgui.dylib; path = usr/local/lib/libopencv_highgui.dylib; sourceTree = SDKROOT; };
		8376E0A214D5A21100ABECEA /* libopencv_imgproc.dylib */ = {isa = PBXFileReference; lastKnownFileType = "compiled.mach-o.dylib"; name = libopencv_imgproc.dylib; path = usr/local/lib/libopencv_imgproc.dylib; sourceTree = SDKROOT; };
		837D29EF15014CBC00221B7A /* ConnectionUSB.h */ = {isa = PBXFileReference; fileEncoding = 4; lastKnownFileType = sourcecode.c.h; path = ConnectionUSB.h; sourceTree = "<group>"; };
		837D29F115014CC600221B7A /* ConnectionUSB.mm */ = {isa = PBXFileReference; fileEncoding = 4; lastKnownFileType = sourcecode.cpp.objcpp; path = ConnectionUSB.mm; sourceTree = "<group>"; };
		837D29F315014DF000221B7A /* Position.cpp */ = {isa = PBXFileReference; fileEncoding = 4; lastKnownFileType = sourcecode.cpp.cpp; path = Position.cpp; sourceTree = "<group>"; };
		83867FC8150539D00004ED08 /* Asservissement.cpp */ = {isa = PBXFileReference; fileEncoding = 4; lastKnownFileType = sourcecode.cpp.cpp; path = Asservissement.cpp; sourceTree = "<group>"; };
		83867FC9150539D00004ED08 /* Asservissement.h */ = {isa = PBXFileReference; fileEncoding = 4; lastKnownFileType = sourcecode.c.h; path = Asservissement.h; sourceTree = "<group>"; };
		83867FCA150539D00004ED08 /* Capteur.h */ = {isa = PBXFileReference; fileEncoding = 4; lastKnownFileType = sourcecode.c.h; path = Capteur.h; sourceTree = "<group>"; };
		83867FCB150539D00004ED08 /* CommandeMoteur.h */ = {isa = PBXFileReference; fileEncoding = 4; lastKnownFileType = sourcecode.c.h; path = CommandeMoteur.h; sourceTree = "<group>"; };
		83867FCC150539D00004ED08 /* ControleOptimal.cpp */ = {isa = PBXFileReference; fileEncoding = 4; lastKnownFileType = sourcecode.cpp.cpp; path = ControleOptimal.cpp; sourceTree = "<group>"; };
		83867FCD150539D00004ED08 /* ControleOptimal.h */ = {isa = PBXFileReference; fileEncoding = 4; lastKnownFileType = sourcecode.c.h; path = ControleOptimal.h; sourceTree = "<group>"; };
		83867FCE150539D00004ED08 /* EtatSysteme.cpp */ = {isa = PBXFileReference; fileEncoding = 4; lastKnownFileType = sourcecode.cpp.cpp; path = EtatSysteme.cpp; sourceTree = "<group>"; };
		83867FCF150539D00004ED08 /* EtatSysteme.h */ = {isa = PBXFileReference; fileEncoding = 4; lastKnownFileType = sourcecode.c.h; path = EtatSysteme.h; sourceTree = "<group>"; };
		83867FD0150539D00004ED08 /* EtatSystemeDerivee.h */ = {isa = PBXFileReference; fileEncoding = 4; lastKnownFileType = sourcecode.c.h; path = EtatSystemeDerivee.h; sourceTree = "<group>"; };
		83867FD1150539D00004ED08 /* ForceAero.h */ = {isa = PBXFileReference; fileEncoding = 4; lastKnownFileType = sourcecode.c.h; path = ForceAero.h; sourceTree = "<group>"; };
		8399ED1A14ED779F00AAB062 /* MatriceTemplate.h */ = {isa = PBXFileReference; fileEncoding = 4; lastKnownFileType = sourcecode.c.h; path = MatriceTemplate.h; sourceTree = "<group>"; };
		83A27C3E14E9388200B60BFC /* SourceForDisplay.h */ = {isa = PBXFileReference; fileEncoding = 4; lastKnownFileType = sourcecode.c.h; path = SourceForDisplay.h; sourceTree = "<group>"; };
		83A27C3F14E9388200B60BFC /* SourceForDisplay.mm */ = {isa = PBXFileReference; fileEncoding = 4; lastKnownFileType = sourcecode.cpp.objcpp; path = SourceForDisplay.mm; sourceTree = "<group>"; };
		83A27C4114E938A300B60BFC /* RecordForDisplay.h */ = {isa = PBXFileReference; fileEncoding = 4; lastKnownFileType = sourcecode.c.h; path = RecordForDisplay.h; sourceTree = "<group>"; };
		83A27C4214E938A300B60BFC /* RecordForDisplay.mm */ = {isa = PBXFileReference; fileEncoding = 4; lastKnownFileType = sourcecode.cpp.objcpp; path = RecordForDisplay.mm; sourceTree = "<group>"; };
		83A388B014CD8FB6009D7636 /* sidebarContent.xml */ = {isa = PBXFileReference; fileEncoding = 4; lastKnownFileType = text.xml; name = sidebarContent.xml; path = UI/Sidebar/sidebarContent.xml; sourceTree = "<group>"; };
		83AA3A1F14E6456B00C39446 /* psc.database.sqlite */ = {isa = PBXFileReference; lastKnownFileType = file; path = psc.database.sqlite; sourceTree = "<group>"; };
		83AA3A2114E645C700C39446 /* Database.cpp */ = {isa = PBXFileReference; fileEncoding = 4; lastKnownFileType = sourcecode.cpp.cpp; lineEnding = 0; path = Database.cpp; sourceTree = "<group>"; xcLanguageSpecificationIdentifier = xcode.lang.cpp; };
		83AA3A2314E645D300C39446 /* Database.h */ = {isa = PBXFileReference; fileEncoding = 4; lastKnownFileType = sourcecode.c.h; lineEnding = 0; path = Database.h; sourceTree = "<group>"; xcLanguageSpecificationIdentifier = xcode.lang.objcpp; };
		83AA3A2414E6462E00C39446 /* libsqlite3.dylib */ = {isa = PBXFileReference; lastKnownFileType = "compiled.mach-o.dylib"; name = libsqlite3.dylib; path = usr/lib/libsqlite3.dylib; sourceTree = SDKROOT; };
		83B56FB414EAC831002AA428 /* CreateFieldController.h */ = {isa = PBXFileReference; fileEncoding = 4; lastKnownFileType = sourcecode.c.h; path = CreateFieldController.h; sourceTree = "<group>"; };
		83B56FB514EAC831002AA428 /* CreateFieldController.mm */ = {isa = PBXFileReference; fileEncoding = 4; lastKnownFileType = sourcecode.cpp.objcpp; path = CreateFieldController.mm; sourceTree = "<group>"; };
		83B56FB814EAC844002AA428 /* EditFieldSingleValue.h */ = {isa = PBXFileReference; fileEncoding = 4; lastKnownFileType = sourcecode.c.h; path = EditFieldSingleValue.h; sourceTree = "<group>"; };
		83B56FB914EAC844002AA428 /* EditFieldSingleValue.mm */ = {isa = PBXFileReference; fileEncoding = 4; lastKnownFileType = sourcecode.cpp.objcpp; path = EditFieldSingleValue.mm; sourceTree = "<group>"; };
		83B56FBB14EAC857002AA428 /* EditFieldMatrix.h */ = {isa = PBXFileReference; fileEncoding = 4; lastKnownFileType = sourcecode.c.h; path = EditFieldMatrix.h; sourceTree = "<group>"; };
		83B56FBC14EAC857002AA428 /* EditFieldMatrix.mm */ = {isa = PBXFileReference; fileEncoding = 4; lastKnownFileType = sourcecode.cpp.objcpp; path = EditFieldMatrix.mm; sourceTree = "<group>"; };
		83B56FBE14EAD030002AA428 /* SingleValueData.h */ = {isa = PBXFileReference; fileEncoding = 4; lastKnownFileType = sourcecode.c.h; path = SingleValueData.h; sourceTree = "<group>"; };
		83B56FBF14EAD03D002AA428 /* MatrixData.h */ = {isa = PBXFileReference; fileEncoding = 4; lastKnownFileType = sourcecode.c.h; path = MatrixData.h; sourceTree = "<group>"; };
		83B56FC014EAD10B002AA428 /* VectorData.h */ = {isa = PBXFileReference; fileEncoding = 4; lastKnownFileType = sourcecode.c.h; path = VectorData.h; sourceTree = "<group>"; };
		83B56FC114EB275B002AA428 /* EditFieldVector.h */ = {isa = PBXFileReference; fileEncoding = 4; lastKnownFileType = sourcecode.c.h; path = EditFieldVector.h; sourceTree = "<group>"; };
		83B56FC214EB275B002AA428 /* EditFieldVector.mm */ = {isa = PBXFileReference; fileEncoding = 4; lastKnownFileType = sourcecode.cpp.objcpp; path = EditFieldVector.mm; sourceTree = "<group>"; };
		83B56FC414EB9FC9002AA428 /* GenericSource.h */ = {isa = PBXFileReference; fileEncoding = 4; lastKnownFileType = sourcecode.c.h; path = GenericSource.h; sourceTree = "<group>"; };
		83B56FC514EBA03D002AA428 /* DataTypes.h */ = {isa = PBXFileReference; fileEncoding = 4; lastKnownFileType = sourcecode.c.h; path = DataTypes.h; sourceTree = "<group>"; };
		83B56FC614EBA1F6002AA428 /* DataTypes.cpp */ = {isa = PBXFileReference; fileEncoding = 4; lastKnownFileType = sourcecode.cpp.cpp; path = DataTypes.cpp; sourceTree = "<group>"; };
		83B601D614CD83DB0022569F /* CellView.h */ = {isa = PBXFileReference; fileEncoding = 4; lastKnownFileType = sourcecode.c.h; name = CellView.h; path = UI/Sidebar/CellView.h; sourceTree = "<group>"; };
		83B601D714CD83DB0022569F /* CellView.mm */ = {isa = PBXFileReference; fileEncoding = 4; lastKnownFileType = sourcecode.cpp.objcpp; name = CellView.mm; path = UI/Sidebar/CellView.mm; sourceTree = "<group>"; };
		83B601D814CD83DB0022569F /* NSArrayExt.h */ = {isa = PBXFileReference; fileEncoding = 4; lastKnownFileType = sourcecode.c.h; name = NSArrayExt.h; path = UI/Sidebar/NSArrayExt.h; sourceTree = "<group>"; };
		83B601D914CD83DB0022569F /* NSArrayExt.mm */ = {isa = PBXFileReference; fileEncoding = 4; lastKnownFileType = sourcecode.cpp.objcpp; name = NSArrayExt.mm; path = UI/Sidebar/NSArrayExt.mm; sourceTree = "<group>"; };
		83B601DA14CD83DB0022569F /* NSIndexPathExt.h */ = {isa = PBXFileReference; fileEncoding = 4; lastKnownFileType = sourcecode.c.h; name = NSIndexPathExt.h; path = UI/Sidebar/NSIndexPathExt.h; sourceTree = "<group>"; };
		83B601DB14CD83DB0022569F /* NSIndexPathExt.mm */ = {isa = PBXFileReference; fileEncoding = 4; lastKnownFileType = sourcecode.cpp.objcpp; name = NSIndexPathExt.mm; path = UI/Sidebar/NSIndexPathExt.mm; sourceTree = "<group>"; };
		83B601DC14CD83DB0022569F /* Sidebar.h */ = {isa = PBXFileReference; fileEncoding = 4; lastKnownFileType = sourcecode.c.h; name = Sidebar.h; path = UI/Sidebar/Sidebar.h; sourceTree = "<group>"; };
		83B601DD14CD83DB0022569F /* Sidebar.mm */ = {isa = PBXFileReference; fileEncoding = 4; lastKnownFileType = sourcecode.cpp.objcpp; name = Sidebar.mm; path = UI/Sidebar/Sidebar.mm; sourceTree = "<group>"; };
		83B601DE14CD83DB0022569F /* SidebarBadgeCell.h */ = {isa = PBXFileReference; fileEncoding = 4; lastKnownFileType = sourcecode.c.h; name = SidebarBadgeCell.h; path = UI/Sidebar/SidebarBadgeCell.h; sourceTree = "<group>"; };
		83B601DF14CD83DB0022569F /* SidebarBadgeCell.mm */ = {isa = PBXFileReference; fileEncoding = 4; lastKnownFileType = sourcecode.cpp.objcpp; name = SidebarBadgeCell.mm; path = UI/Sidebar/SidebarBadgeCell.mm; sourceTree = "<group>"; };
		83B601E014CD83DB0022569F /* SidebarNode.h */ = {isa = PBXFileReference; fileEncoding = 4; lastKnownFileType = sourcecode.c.h; name = SidebarNode.h; path = UI/Sidebar/SidebarNode.h; sourceTree = "<group>"; };
		83B601E114CD83DB0022569F /* SidebarNode.mm */ = {isa = PBXFileReference; fileEncoding = 4; lastKnownFileType = sourcecode.cpp.objcpp; name = SidebarNode.mm; path = UI/Sidebar/SidebarNode.mm; sourceTree = "<group>"; };
		83B601E214CD83DB0022569F /* FoldersView.h */ = {isa = PBXFileReference; fileEncoding = 4; lastKnownFileType = sourcecode.c.h; name = FoldersView.h; path = UI/Sidebar/FoldersView.h; sourceTree = "<group>"; };
		83B601E314CD83DB0022569F /* FoldersView.mm */ = {isa = PBXFileReference; fileEncoding = 4; lastKnownFileType = sourcecode.cpp.objcpp; name = FoldersView.mm; path = UI/Sidebar/FoldersView.mm; sourceTree = "<group>"; };
		83BAF05714E7A856000880F0 /* Utilities.h */ = {isa = PBXFileReference; fileEncoding = 4; lastKnownFileType = sourcecode.c.h; name = Utilities.h; path = Utilities/Utilities.h; sourceTree = "<group>"; };
		83BAF05814E7A860000880F0 /* Utilities.mm */ = {isa = PBXFileReference; fileEncoding = 4; lastKnownFileType = sourcecode.cpp.objcpp; path = Utilities.mm; sourceTree = "<group>"; };
		83BAF05B14E7B432000880F0 /* NumericValue.h */ = {isa = PBXFileReference; fileEncoding = 4; lastKnownFileType = sourcecode.c.h; path = NumericValue.h; sourceTree = "<group>"; };
		83BAF05C14E7B43C000880F0 /* NumericValue.cpp */ = {isa = PBXFileReference; fileEncoding = 4; lastKnownFileType = sourcecode.cpp.cpp; path = NumericValue.cpp; sourceTree = "<group>"; };
		83BC6E2B14CC98AF002396A5 /* PSC.app */ = {isa = PBXFileReference; explicitFileType = wrapper.application; includeInIndex = 0; path = PSC.app; sourceTree = BUILT_PRODUCTS_DIR; };
		83BC6E2F14CC98AF002396A5 /* Cocoa.framework */ = {isa = PBXFileReference; lastKnownFileType = wrapper.framework; name = Cocoa.framework; path = System/Library/Frameworks/Cocoa.framework; sourceTree = SDKROOT; };
		83BC6E3214CC98AF002396A5 /* AppKit.framework */ = {isa = PBXFileReference; lastKnownFileType = wrapper.framework; name = AppKit.framework; path = System/Library/Frameworks/AppKit.framework; sourceTree = SDKROOT; };
		83BC6E3314CC98AF002396A5 /* CoreData.framework */ = {isa = PBXFileReference; lastKnownFileType = wrapper.framework; name = CoreData.framework; path = System/Library/Frameworks/CoreData.framework; sourceTree = SDKROOT; };
		83BC6E3414CC98AF002396A5 /* Foundation.framework */ = {isa = PBXFileReference; lastKnownFileType = wrapper.framework; name = Foundation.framework; path = System/Library/Frameworks/Foundation.framework; sourceTree = SDKROOT; };
		83BC6E3714CC98AF002396A5 /* PSC-Info.plist */ = {isa = PBXFileReference; lastKnownFileType = text.plist.xml; path = "PSC-Info.plist"; sourceTree = "<group>"; };
		83BC6E3914CC98AF002396A5 /* en */ = {isa = PBXFileReference; lastKnownFileType = text.plist.strings; name = en; path = en.lproj/InfoPlist.strings; sourceTree = "<group>"; };
		83BC6E3D14CC98AF002396A5 /* PSC-Prefix.pch */ = {isa = PBXFileReference; lastKnownFileType = sourcecode.c.h; path = "PSC-Prefix.pch"; sourceTree = "<group>"; };
		83BC6E3F14CC98AF002396A5 /* en */ = {isa = PBXFileReference; lastKnownFileType = text.rtf; name = en; path = en.lproj/Credits.rtf; sourceTree = "<group>"; };
		83BC6E5614CC9997002396A5 /* Dynamixel.cpp */ = {isa = PBXFileReference; fileEncoding = 4; lastKnownFileType = sourcecode.cpp.cpp; lineEnding = 0; path = Dynamixel.cpp; sourceTree = "<group>"; xcLanguageSpecificationIdentifier = xcode.lang.cpp; };
		83BC6E5714CC9997002396A5 /* Dynamixel.h */ = {isa = PBXFileReference; fileEncoding = 4; lastKnownFileType = sourcecode.c.h; lineEnding = 0; path = Dynamixel.h; sourceTree = "<group>"; xcLanguageSpecificationIdentifier = xcode.lang.objcpp; };
		83BC6E5814CC9997002396A5 /* hid.c */ = {isa = PBXFileReference; fileEncoding = 4; lastKnownFileType = sourcecode.c.c; path = hid.c; sourceTree = "<group>"; };
		83BC6E5914CC9997002396A5 /* hidapi.h */ = {isa = PBXFileReference; fileEncoding = 4; lastKnownFileType = sourcecode.c.h; path = hidapi.h; sourceTree = "<group>"; };
		83BC6E5A14CC9997002396A5 /* InterfaceUSB.cpp */ = {isa = PBXFileReference; fileEncoding = 4; lastKnownFileType = sourcecode.cpp.cpp; path = InterfaceUSB.cpp; sourceTree = "<group>"; };
		83BC6E5B14CC9997002396A5 /* InterfaceUSB.h */ = {isa = PBXFileReference; fileEncoding = 4; lastKnownFileType = sourcecode.c.h; path = InterfaceUSB.h; sourceTree = "<group>"; };
		83BC6E5D14CC9997002396A5 /* Joystick.mm */ = {isa = PBXFileReference; fileEncoding = 4; lastKnownFileType = sourcecode.cpp.objcpp; lineEnding = 0; path = Joystick.mm; sourceTree = "<group>"; xcLanguageSpecificationIdentifier = xcode.lang.objcpp; };
		83BC6E5E14CC9997002396A5 /* Joystick.h */ = {isa = PBXFileReference; fileEncoding = 4; lastKnownFileType = sourcecode.c.h; path = Joystick.h; sourceTree = "<group>"; };
		83BC6E6014CC9997002396A5 /* Matrice.cpp */ = {isa = PBXFileReference; fileEncoding = 4; lastKnownFileType = sourcecode.cpp.cpp; path = Matrice.cpp; sourceTree = "<group>"; };
		83BC6E6114CC9997002396A5 /* Matrice.h */ = {isa = PBXFileReference; fileEncoding = 4; lastKnownFileType = sourcecode.c.h; lineEnding = 0; path = Matrice.h; sourceTree = "<group>"; xcLanguageSpecificationIdentifier = xcode.lang.objcpp; };
		83BC6E6214CC9997002396A5 /* Plan.cpp */ = {isa = PBXFileReference; fileEncoding = 4; lastKnownFileType = sourcecode.cpp.cpp; path = Plan.cpp; sourceTree = "<group>"; };
		83BC6E6314CC9997002396A5 /* Plan.h */ = {isa = PBXFileReference; fileEncoding = 4; lastKnownFileType = sourcecode.c.h; path = Plan.h; sourceTree = "<group>"; };
		83BC6E6414CC9997002396A5 /* Point.cpp */ = {isa = PBXFileReference; fileEncoding = 4; lastKnownFileType = sourcecode.cpp.cpp; path = Point.cpp; sourceTree = "<group>"; };
		83BC6E6514CC9997002396A5 /* Point.h */ = {isa = PBXFileReference; fileEncoding = 4; lastKnownFileType = sourcecode.c.h; path = Point.h; sourceTree = "<group>"; };
		83BC6E6614CC9997002396A5 /* Quaternion.cpp */ = {isa = PBXFileReference; fileEncoding = 4; lastKnownFileType = sourcecode.cpp.cpp; path = Quaternion.cpp; sourceTree = "<group>"; };
		83BC6E6714CC9997002396A5 /* Quaternion.h */ = {isa = PBXFileReference; fileEncoding = 4; lastKnownFileType = sourcecode.c.h; path = Quaternion.h; sourceTree = "<group>"; };
		83BC6E6814CC9997002396A5 /* Referentiel3D.cpp */ = {isa = PBXFileReference; fileEncoding = 4; lastKnownFileType = sourcecode.cpp.cpp; path = Referentiel3D.cpp; sourceTree = "<group>"; };
		83BC6E6914CC9997002396A5 /* Referentiel3D.h */ = {isa = PBXFileReference; fileEncoding = 4; lastKnownFileType = sourcecode.c.h; path = Referentiel3D.h; sourceTree = "<group>"; };
		83BC6E6A14CC9997002396A5 /* Vecteur.cpp */ = {isa = PBXFileReference; fileEncoding = 4; lastKnownFileType = sourcecode.cpp.cpp; path = Vecteur.cpp; sourceTree = "<group>"; };
		83BC6E6B14CC9997002396A5 /* Vecteur.h */ = {isa = PBXFileReference; fileEncoding = 4; lastKnownFileType = sourcecode.c.h; lineEnding = 0; path = Vecteur.h; sourceTree = "<group>"; xcLanguageSpecificationIdentifier = xcode.lang.objcpp; };
		83BC6E6C14CC9997002396A5 /* Vecteur3D.cpp */ = {isa = PBXFileReference; fileEncoding = 4; lastKnownFileType = sourcecode.cpp.cpp; path = Vecteur3D.cpp; sourceTree = "<group>"; };
		83BC6E6D14CC9997002396A5 /* Vecteur3D.h */ = {isa = PBXFileReference; fileEncoding = 4; lastKnownFileType = sourcecode.c.h; path = Vecteur3D.h; sourceTree = "<group>"; };
		83BC6E6F14CC9997002396A5 /* kite.material */ = {isa = PBXFileReference; fileEncoding = 4; lastKnownFileType = text; path = kite.material; sourceTree = "<group>"; };
		83BC6E7014CC9997002396A5 /* kite.mesh */ = {isa = PBXFileReference; lastKnownFileType = file; path = kite.mesh; sourceTree = "<group>"; };
		83BC6E7114CC9997002396A5 /* kite.mesh.xml */ = {isa = PBXFileReference; fileEncoding = 4; lastKnownFileType = text.xml; path = kite.mesh.xml; sourceTree = "<group>"; };
		83BC6E7214CC9997002396A5 /* Moteur3D.h */ = {isa = PBXFileReference; fileEncoding = 4; lastKnownFileType = sourcecode.c.h; path = Moteur3D.h; sourceTree = "<group>"; };
		83BC6E7314CC9997002396A5 /* Moteur3D.mm */ = {isa = PBXFileReference; fileEncoding = 4; lastKnownFileType = sourcecode.cpp.objcpp; path = Moteur3D.mm; sourceTree = "<group>"; };
		83BC6E7414CC9997002396A5 /* Parametres.h */ = {isa = PBXFileReference; fileEncoding = 4; lastKnownFileType = sourcecode.c.h; lineEnding = 0; path = Parametres.h; sourceTree = "<group>"; xcLanguageSpecificationIdentifier = xcode.lang.objcpp; };
		83BC6E7614CC9997002396A5 /* SDLMain.h */ = {isa = PBXFileReference; fileEncoding = 4; lastKnownFileType = sourcecode.c.h; path = SDLMain.h; sourceTree = "<group>"; };
		83BC6E7714CC9997002396A5 /* SDLMain.m */ = {isa = PBXFileReference; fileEncoding = 4; lastKnownFileType = sourcecode.c.objc; path = SDLMain.m; sourceTree = "<group>"; };
		83BC6E7914CC9997002396A5 /* Action.cpp */ = {isa = PBXFileReference; fileEncoding = 4; lastKnownFileType = sourcecode.cpp.cpp; path = Action.cpp; sourceTree = "<group>"; };
		83BC6E7A14CC9997002396A5 /* Action.h */ = {isa = PBXFileReference; fileEncoding = 4; lastKnownFileType = sourcecode.c.h; path = Action.h; sourceTree = "<group>"; };
		83BC6E7D14CC9997002396A5 /* Referentiel.cpp */ = {isa = PBXFileReference; fileEncoding = 4; lastKnownFileType = sourcecode.cpp.cpp; path = Referentiel.cpp; sourceTree = "<group>"; };
		83BC6E7E14CC9997002396A5 /* Referentiel.h */ = {isa = PBXFileReference; fileEncoding = 4; lastKnownFileType = sourcecode.c.h; lineEnding = 0; path = Referentiel.h; sourceTree = "<group>"; xcLanguageSpecificationIdentifier = xcode.lang.objcpp; };
		83BC6E7F14CC9997002396A5 /* Solide.cpp */ = {isa = PBXFileReference; fileEncoding = 4; lastKnownFileType = sourcecode.cpp.cpp; path = Solide.cpp; sourceTree = "<group>"; };
		83BC6E8014CC9997002396A5 /* Solide.h */ = {isa = PBXFileReference; fileEncoding = 4; lastKnownFileType = sourcecode.c.h; path = Solide.h; sourceTree = "<group>"; };
		83BC6E8114CC9997002396A5 /* State.cpp */ = {isa = PBXFileReference; fileEncoding = 4; lastKnownFileType = sourcecode.cpp.cpp; path = State.cpp; sourceTree = "<group>"; };
		83BC6E8214CC9997002396A5 /* State.h */ = {isa = PBXFileReference; fileEncoding = 4; lastKnownFileType = sourcecode.c.h; path = State.h; sourceTree = "<group>"; };
		83BC6E8314CC9997002396A5 /* Tests.cpp */ = {isa = PBXFileReference; fileEncoding = 4; lastKnownFileType = sourcecode.cpp.cpp; path = Tests.cpp; sourceTree = "<group>"; };
		83BC6E8414CC9997002396A5 /* Tests.h */ = {isa = PBXFileReference; fileEncoding = 4; lastKnownFileType = sourcecode.c.h; path = Tests.h; sourceTree = "<group>"; };
		83BC6E8814CC9997002396A5 /* UIController.h */ = {isa = PBXFileReference; fileEncoding = 4; lastKnownFileType = sourcecode.c.h; path = UIController.h; sourceTree = "<group>"; };
		83BC6E8914CC9997002396A5 /* UIController.mm */ = {isa = PBXFileReference; fileEncoding = 4; lastKnownFileType = sourcecode.cpp.objcpp; path = UIController.mm; sourceTree = "<group>"; };
		83BC6EA314CC99DA002396A5 /* AppDelegate.h */ = {isa = PBXFileReference; fileEncoding = 4; lastKnownFileType = sourcecode.c.h; path = AppDelegate.h; sourceTree = "<group>"; };
		83BC6EA414CC99DA002396A5 /* AppDelegate.mm */ = {isa = PBXFileReference; fileEncoding = 4; lastKnownFileType = sourcecode.cpp.objcpp; path = AppDelegate.mm; sourceTree = "<group>"; };
		83BC6EA514CC99DA002396A5 /* main.mm */ = {isa = PBXFileReference; fileEncoding = 4; lastKnownFileType = sourcecode.cpp.objcpp; path = main.mm; sourceTree = "<group>"; };
		83BC6EA914CC99DA002396A5 /* Examples.material */ = {isa = PBXFileReference; fileEncoding = 4; lastKnownFileType = text; path = Examples.material; sourceTree = "<group>"; };
		83BC6EAA14CC99DA002396A5 /* Ogre.material */ = {isa = PBXFileReference; fileEncoding = 4; lastKnownFileType = text; path = Ogre.material; sourceTree = "<group>"; };
		83BC6EAC14CC99DA002396A5 /* GreenSkin.jpg */ = {isa = PBXFileReference; lastKnownFileType = image.jpeg; path = GreenSkin.jpg; sourceTree = "<group>"; };
		83BC6EAD14CC99DA002396A5 /* spheremap.png */ = {isa = PBXFileReference; lastKnownFileType = image.png; path = spheremap.png; sourceTree = "<group>"; };
		83BC6EAE14CC99DA002396A5 /* tusk.jpg */ = {isa = PBXFileReference; lastKnownFileType = image.jpeg; path = tusk.jpg; sourceTree = "<group>"; };
		83BC6EB014CC99DA002396A5 /* ogrehead.mesh */ = {isa = PBXFileReference; lastKnownFileType = file; path = ogrehead.mesh; sourceTree = "<group>"; };
		83BC6EB214CC99DA002396A5 /* cubemap.zip */ = {isa = PBXFileReference; lastKnownFileType = archive.zip; path = cubemap.zip; sourceTree = "<group>"; };
		83BC6EB314CC99DA002396A5 /* cubemapsJS.zip */ = {isa = PBXFileReference; lastKnownFileType = archive.zip; path = cubemapsJS.zip; sourceTree = "<group>"; };
		83BC6EB414CC99DA002396A5 /* SdkTrays.zip */ = {isa = PBXFileReference; lastKnownFileType = archive.zip; path = SdkTrays.zip; sourceTree = "<group>"; };
		83BC6EB514CC99DA002396A5 /* skybox.zip */ = {isa = PBXFileReference; lastKnownFileType = archive.zip; path = skybox.zip; sourceTree = "<group>"; };
		83BC6EB614CC99DA002396A5 /* ogre.cfg */ = {isa = PBXFileReference; fileEncoding = 4; lastKnownFileType = text; path = ogre.cfg; sourceTree = "<group>"; };
		83BC6EB714CC99DA002396A5 /* OgreDemoApp.mm */ = {isa = PBXFileReference; fileEncoding = 4; lastKnownFileType = sourcecode.cpp.objcpp; path = OgreDemoApp.mm; sourceTree = "<group>"; };
		83BC6EB814CC99DA002396A5 /* OgreDemoApp.h */ = {isa = PBXFileReference; fileEncoding = 4; lastKnownFileType = sourcecode.c.h; path = OgreDemoApp.h; sourceTree = "<group>"; };
		83BC6EB914CC99DA002396A5 /* OgreFramework.h */ = {isa = PBXFileReference; fileEncoding = 4; lastKnownFileType = sourcecode.c.h; path = OgreFramework.h; sourceTree = "<group>"; };
		83BC6EBA14CC99DA002396A5 /* OgreFramework.mm */ = {isa = PBXFileReference; fileEncoding = 4; lastKnownFileType = sourcecode.cpp.objcpp; path = OgreFramework.mm; sourceTree = "<group>"; };
		83BC6EBB14CC99DA002396A5 /* plugins.cfg */ = {isa = PBXFileReference; fileEncoding = 4; lastKnownFileType = text; path = plugins.cfg; sourceTree = "<group>"; };
		83BC6EBC14CC99DA002396A5 /* PSC-Info.plist */ = {isa = PBXFileReference; fileEncoding = 4; lastKnownFileType = text.plist.xml; path = "PSC-Info.plist"; sourceTree = "<group>"; };
		83BC6EBD14CC99DA002396A5 /* PSC-Prefix.pch */ = {isa = PBXFileReference; fileEncoding = 4; lastKnownFileType = sourcecode.c.h; path = "PSC-Prefix.pch"; sourceTree = "<group>"; };
		83BC6EBE14CC99DA002396A5 /* resources.cfg */ = {isa = PBXFileReference; fileEncoding = 4; lastKnownFileType = text; path = resources.cfg; sourceTree = "<group>"; };
		83BC6ED214CC9AD4002396A5 /* CoreData.framework */ = {isa = PBXFileReference; lastKnownFileType = wrapper.framework; name = CoreData.framework; path = System/Library/Frameworks/CoreData.framework; sourceTree = SDKROOT; };
		83BC6ED314CC9AD4002396A5 /* Foundation.framework */ = {isa = PBXFileReference; lastKnownFileType = wrapper.framework; name = Foundation.framework; path = System/Library/Frameworks/Foundation.framework; sourceTree = SDKROOT; };
		83BC6ED414CC9AD4002396A5 /* libboost_system-xgcc42-mt-1_48.dylib */ = {isa = PBXFileReference; lastKnownFileType = "compiled.mach-o.dylib"; name = "libboost_system-xgcc42-mt-1_48.dylib"; path = "usr/local/lib/libboost_system-xgcc42-mt-1_48.dylib"; sourceTree = SDKROOT; };
		83BC6ED514CC9AD4002396A5 /* libboost_thread-xgcc42-mt-1_48.dylib */ = {isa = PBXFileReference; lastKnownFileType = "compiled.mach-o.dylib"; name = "libboost_thread-xgcc42-mt-1_48.dylib"; path = "usr/local/lib/libboost_thread-xgcc42-mt-1_48.dylib"; sourceTree = SDKROOT; };
		83BC6ED614CC9AD4002396A5 /* AppKit.framework */ = {isa = PBXFileReference; lastKnownFileType = wrapper.framework; name = AppKit.framework; path = System/Library/Frameworks/AppKit.framework; sourceTree = SDKROOT; };
		83BC6ED714CC9AD4002396A5 /* SDL.framework */ = {isa = PBXFileReference; lastKnownFileType = wrapper.framework; name = SDL.framework; path = Library/Frameworks/SDL.framework; sourceTree = SDKROOT; };
		83BC6ED814CC9AD4002396A5 /* Carbon.framework */ = {isa = PBXFileReference; lastKnownFileType = wrapper.framework; name = Carbon.framework; path = System/Library/Frameworks/Carbon.framework; sourceTree = SDKROOT; };
		83BC6ED914CC9AD4002396A5 /* IOKit.framework */ = {isa = PBXFileReference; lastKnownFileType = wrapper.framework; name = IOKit.framework; path = System/Library/Frameworks/IOKit.framework; sourceTree = SDKROOT; };
		83BC6EDA14CC9AD4002396A5 /* Ogre.framework */ = {isa = PBXFileReference; lastKnownFileType = wrapper.framework; name = Ogre.framework; path = Library/Frameworks/Ogre.framework; sourceTree = DEVELOPER_DIR; };
		83BC6EDB14CC9AD4002396A5 /* OpenGL.framework */ = {isa = PBXFileReference; lastKnownFileType = wrapper.framework; name = OpenGL.framework; path = Library/Frameworks/OpenGL.framework; sourceTree = DEVELOPER_DIR; };
		83BC6EDC14CC9AD4002396A5 /* QuartzCore.framework */ = {isa = PBXFileReference; lastKnownFileType = wrapper.framework; name = QuartzCore.framework; path = Library/Frameworks/QuartzCore.framework; sourceTree = DEVELOPER_DIR; };
		83F586AA14CDA94200DA0F60 /* SimulationController.h */ = {isa = PBXFileReference; fileEncoding = 4; lastKnownFileType = sourcecode.c.h; path = SimulationController.h; sourceTree = "<group>"; };
		83F586AB14CDA94200DA0F60 /* SimulationController.mm */ = {isa = PBXFileReference; fileEncoding = 4; lastKnownFileType = sourcecode.cpp.objcpp; path = SimulationController.mm; sourceTree = "<group>"; };
		83F586AC14CDA94200DA0F60 /* SimulationController.xib */ = {isa = PBXFileReference; fileEncoding = 4; lastKnownFileType = file.xib; path = SimulationController.xib; sourceTree = "<group>"; };
		83F586AF14CDB09D00DA0F60 /* WebcamController.h */ = {isa = PBXFileReference; fileEncoding = 4; lastKnownFileType = sourcecode.c.h; path = WebcamController.h; sourceTree = "<group>"; };
		83F586B014CDB09D00DA0F60 /* WebcamController.m */ = {isa = PBXFileReference; fileEncoding = 4; lastKnownFileType = sourcecode.c.objc; path = WebcamController.m; sourceTree = "<group>"; };
		83F586B114CDB09D00DA0F60 /* WebcamController.xib */ = {isa = PBXFileReference; fileEncoding = 4; lastKnownFileType = file.xib; path = WebcamController.xib; sourceTree = "<group>"; };
		83F586B414CDB0B100DA0F60 /* ComparaisonController.h */ = {isa = PBXFileReference; fileEncoding = 4; lastKnownFileType = sourcecode.c.h; path = ComparaisonController.h; sourceTree = "<group>"; };
		83F586B514CDB0B100DA0F60 /* ComparaisonController.m */ = {isa = PBXFileReference; fileEncoding = 4; lastKnownFileType = sourcecode.c.objc; path = ComparaisonController.m; sourceTree = "<group>"; };
		83F586B614CDB0B100DA0F60 /* ComparaisonController.xib */ = {isa = PBXFileReference; fileEncoding = 4; lastKnownFileType = file.xib; path = ComparaisonController.xib; sourceTree = "<group>"; };
		83F586B914CDB0BE00DA0F60 /* MoteurController.h */ = {isa = PBXFileReference; fileEncoding = 4; lastKnownFileType = sourcecode.c.h; lineEnding = 0; path = MoteurController.h; sourceTree = "<group>"; xcLanguageSpecificationIdentifier = xcode.lang.objcpp; };
		83F586BA14CDB0BE00DA0F60 /* MoteurController.mm */ = {isa = PBXFileReference; fileEncoding = 4; lastKnownFileType = sourcecode.cpp.objcpp; lineEnding = 0; path = MoteurController.mm; sourceTree = "<group>"; xcLanguageSpecificationIdentifier = xcode.lang.objcpp; };
		83F586BB14CDB0BE00DA0F60 /* MoteurController.xib */ = {isa = PBXFileReference; fileEncoding = 4; lastKnownFileType = file.xib; path = MoteurController.xib; sourceTree = "<group>"; };
		83F586C614CDB73F00DA0F60 /* Status.h */ = {isa = PBXFileReference; fileEncoding = 4; lastKnownFileType = sourcecode.c.h; name = Status.h; path = Status/Status.h; sourceTree = "<group>"; };
		83F586C714CDB73F00DA0F60 /* Status.m */ = {isa = PBXFileReference; fileEncoding = 4; lastKnownFileType = sourcecode.c.objc; name = Status.m; path = Status/Status.m; sourceTree = "<group>"; };
		83F586CC14CDE69900DA0F60 /* StatusController.h */ = {isa = PBXFileReference; fileEncoding = 4; lastKnownFileType = sourcecode.c.h; path = StatusController.h; sourceTree = "<group>"; };
		83F586CD14CDE69900DA0F60 /* StatusController.mm */ = {isa = PBXFileReference; fileEncoding = 4; lastKnownFileType = sourcecode.cpp.objcpp; path = StatusController.mm; sourceTree = "<group>"; };
		83F586CE14CDE69900DA0F60 /* StatusController.xib */ = {isa = PBXFileReference; fileEncoding = 4; lastKnownFileType = file.xib; path = StatusController.xib; sourceTree = "<group>"; };
		83F586D114CDEB5F00DA0F60 /* status0.png */ = {isa = PBXFileReference; lastKnownFileType = image.png; name = status0.png; path = Status/status0.png; sourceTree = "<group>"; };
		83F586D214CDEB5F00DA0F60 /* status1.png */ = {isa = PBXFileReference; lastKnownFileType = image.png; name = status1.png; path = Status/status1.png; sourceTree = "<group>"; };
		83F586D314CDEB5F00DA0F60 /* status2.png */ = {isa = PBXFileReference; lastKnownFileType = image.png; name = status2.png; path = Status/status2.png; sourceTree = "<group>"; };
		83F586E114CE210900DA0F60 /* QTKit.framework */ = {isa = PBXFileReference; lastKnownFileType = wrapper.framework; name = QTKit.framework; path = System/Library/Frameworks/QTKit.framework; sourceTree = SDKROOT; };
		83F586EA14CF014200DA0F60 /* Application.xib */ = {isa = PBXFileReference; fileEncoding = 4; lastKnownFileType = file.xib; path = Application.xib; sourceTree = "<group>"; };
		83F65BE214DA1C60006B7C60 /* NSImage_OpenCV.h */ = {isa = PBXFileReference; fileEncoding = 4; lastKnownFileType = sourcecode.c.h; name = NSImage_OpenCV.h; path = TraitementVideo/NSImage_OpenCV.h; sourceTree = "<group>"; };
		83F65BE314DA1C60006B7C60 /* NSImage_OpenCV.mm */ = {isa = PBXFileReference; fileEncoding = 4; lastKnownFileType = sourcecode.cpp.objcpp; name = NSImage_OpenCV.mm; path = TraitementVideo/NSImage_OpenCV.mm; sourceTree = "<group>"; };
		83F65BE514DA2769006B7C60 /* NSImage+CIImage.h */ = {isa = PBXFileReference; fileEncoding = 4; lastKnownFileType = sourcecode.c.h; name = "NSImage+CIImage.h"; path = "TraitementVideo/NSImage+CIImage.h"; sourceTree = "<group>"; };
		83F65BE614DA2769006B7C60 /* NSImage+CIImage.m */ = {isa = PBXFileReference; fileEncoding = 4; lastKnownFileType = sourcecode.c.objc; name = "NSImage+CIImage.m"; path = "TraitementVideo/NSImage+CIImage.m"; sourceTree = "<group>"; };
		83F65BE814DA288F006B7C60 /* NSBitmapImageRep+Extras.h */ = {isa = PBXFileReference; fileEncoding = 4; lastKnownFileType = sourcecode.c.h; name = "NSBitmapImageRep+Extras.h"; path = "TraitementVideo/NSBitmapImageRep+Extras.h"; sourceTree = "<group>"; };
		83F65BE914DA288F006B7C60 /* NSBitmapImageRep+Extras.m */ = {isa = PBXFileReference; fileEncoding = 4; lastKnownFileType = sourcecode.c.objc; name = "NSBitmapImageRep+Extras.m"; path = "TraitementVideo/NSBitmapImageRep+Extras.m"; sourceTree = "<group>"; };
		83F6CC0514EA7A170096890B /* DatabaseController.h */ = {isa = PBXFileReference; fileEncoding = 4; lastKnownFileType = sourcecode.c.h; path = DatabaseController.h; sourceTree = "<group>"; };
		83F6CC0614EA7A170096890B /* DatabaseController.mm */ = {isa = PBXFileReference; fileEncoding = 4; lastKnownFileType = sourcecode.cpp.objcpp; path = DatabaseController.mm; sourceTree = "<group>"; };
		83F6CC0714EA7A170096890B /* DatabaseController.xib */ = {isa = PBXFileReference; fileEncoding = 4; lastKnownFileType = file.xib; path = DatabaseController.xib; sourceTree = "<group>"; };
/* End PBXFileReference section */

/* Begin PBXFrameworksBuildPhase section */
		83BC6E2814CC98AF002396A5 /* Frameworks */ = {
			isa = PBXFrameworksBuildPhase;
			buildActionMask = 2147483647;
			files = (
				83025BD514E542060017F4E3 /* libacado.a in Frameworks */,
				83025BD614E542060017F4E3 /* libcsparse.a in Frameworks */,
				83025BD714E542060017F4E3 /* libgnuplot.a in Frameworks */,
				83025BD814E542060017F4E3 /* libqpoases-extras.a in Frameworks */,
				83025BD914E542060017F4E3 /* libqpoases.a in Frameworks */,
				8351BC4014E6D8E6005C058D /* libboost_date_time-xgcc42-mt-1_48.dylib in Frameworks */,
				83AA3A2514E6462E00C39446 /* libsqlite3.dylib in Frameworks */,
				8376E0A314D5A21100ABECEA /* libopencv_calib3d.dylib in Frameworks */,
				8376E0A414D5A21100ABECEA /* libopencv_highgui.dylib in Frameworks */,
				8376E0A514D5A21100ABECEA /* libopencv_imgproc.dylib in Frameworks */,
				8376E09F14D5943900ABECEA /* libopencv_core.dylib in Frameworks */,
				83F586E214CE210A00DA0F60 /* QTKit.framework in Frameworks */,
				8349FCBD14CCA9670028E058 /* RenderSystem_GL.dylib in Frameworks */,
				83BC6E3014CC98AF002396A5 /* Cocoa.framework in Frameworks */,
				83BC6EDD14CC9AD5002396A5 /* CoreData.framework in Frameworks */,
				83BC6EDE14CC9AD5002396A5 /* Foundation.framework in Frameworks */,
				83BC6EDF14CC9AD5002396A5 /* libboost_system-xgcc42-mt-1_48.dylib in Frameworks */,
				83BC6EE014CC9AD5002396A5 /* libboost_thread-xgcc42-mt-1_48.dylib in Frameworks */,
				83BC6EE114CC9AD5002396A5 /* AppKit.framework in Frameworks */,
				83BC6EE214CC9AD5002396A5 /* SDL.framework in Frameworks */,
				83BC6EE314CC9AD5002396A5 /* Carbon.framework in Frameworks */,
				83BC6EE414CC9AD5002396A5 /* IOKit.framework in Frameworks */,
				83BC6EE514CC9AD5002396A5 /* Ogre.framework in Frameworks */,
				83BC6EE614CC9AD5002396A5 /* OpenGL.framework in Frameworks */,
				83BC6EE714CC9AD5002396A5 /* QuartzCore.framework in Frameworks */,
			);
			runOnlyForDeploymentPostprocessing = 0;
		};
/* End PBXFrameworksBuildPhase section */

/* Begin PBXGroup section */
		83025BDA14E542140017F4E3 /* ACADO */ = {
			isa = PBXGroup;
			children = (
				83025BD014E542050017F4E3 /* libacado.a */,
				83025BD114E542060017F4E3 /* libcsparse.a */,
				83025BD214E542060017F4E3 /* libgnuplot.a */,
				83025BD314E542060017F4E3 /* libqpoases-extras.a */,
				83025BD414E542060017F4E3 /* libqpoases.a */,
			);
			name = ACADO;
			sourceTree = "<group>";
		};
		8349FCB814CCA10D0028E058 /* Headers */ = {
			isa = PBXGroup;
			children = (
				8349FCB914CCA14E0028E058 /* OgreOSXCocoaView.h */,
			);
			name = Headers;
			sourceTree = "<group>";
		};
		8376E09A14D5914400ABECEA /* TraitementVideo */ = {
			isa = PBXGroup;
			children = (
				83F65BE814DA288F006B7C60 /* NSBitmapImageRep+Extras.h */,
				83F65BE914DA288F006B7C60 /* NSBitmapImageRep+Extras.m */,
				83F65BE514DA2769006B7C60 /* NSImage+CIImage.h */,
				83F65BE614DA2769006B7C60 /* NSImage+CIImage.m */,
				8376E09D14D5919900ABECEA /* CalibrationCamera.h */,
				8376E09B14D5918800ABECEA /* CalibrationCamera.cpp */,
				83F65BE214DA1C60006B7C60 /* NSImage_OpenCV.h */,
				83F65BE314DA1C60006B7C60 /* NSImage_OpenCV.mm */,
			);
			name = TraitementVideo;
			sourceTree = "<group>";
		};
		83867FC7150539D00004ED08 /* Asservissement */ = {
			isa = PBXGroup;
			children = (
				83867FC8150539D00004ED08 /* Asservissement.cpp */,
				83867FC9150539D00004ED08 /* Asservissement.h */,
				83867FCA150539D00004ED08 /* Capteur.h */,
				83867FCB150539D00004ED08 /* CommandeMoteur.h */,
				8354B42B150E95050066EC6F /* CommandeMoteur.cpp */,
				83867FCC150539D00004ED08 /* ControleOptimal.cpp */,
				83867FCD150539D00004ED08 /* ControleOptimal.h */,
				83867FCE150539D00004ED08 /* EtatSysteme.cpp */,
				83867FCF150539D00004ED08 /* EtatSysteme.h */,
				83867FD0150539D00004ED08 /* EtatSystemeDerivee.h */,
				83867FD1150539D00004ED08 /* ForceAero.h */,
				8354B407150E38750066EC6F /* Trajectoire.h */,
			);
			path = Asservissement;
			sourceTree = "<group>";
		};
		83AA3A1D14E6454000C39446 /* Database */ = {
			isa = PBXGroup;
			children = (
				83B56FC514EBA03D002AA428 /* DataTypes.h */,
				83B56FC614EBA1F6002AA428 /* DataTypes.cpp */,
				83AA3A1F14E6456B00C39446 /* psc.database.sqlite */,
				83AA3A2314E645D300C39446 /* Database.h */,
				83AA3A2114E645C700C39446 /* Database.cpp */,
				8351BC3714E6AFB3005C058D /* DatabaseData.h */,
				830747A814EC5C5C00C01E52 /* DatabaseData.cpp */,
				83B56FBE14EAD030002AA428 /* SingleValueData.h */,
				83B56FC014EAD10B002AA428 /* VectorData.h */,
				83B56FBF14EAD03D002AA428 /* MatrixData.h */,
				8351BC3C14E6D40F005C058D /* Record.h */,
				8351BC3D14E6D418005C058D /* Record.cpp */,
				83B56FC414EB9FC9002AA428 /* GenericSource.h */,
				830747AA14EC5CF900C01E52 /* GenericSource.cpp */,
				8351BC4114E6DB60005C058D /* Source.h */,
				8351BC4214E6DB70005C058D /* Source.cpp */,
				8351BC4414E6DC86005C058D /* Donnee.h */,
				8351BC4514E6DC93005C058D /* Donnee.cpp */,
				83BAF05B14E7B432000880F0 /* NumericValue.h */,
				83BAF05C14E7B43C000880F0 /* NumericValue.cpp */,
				8399ED1A14ED779F00AAB062 /* MatriceTemplate.h */,
			);
			path = Database;
			sourceTree = "<group>";
		};
		83B601D414CD83C60022569F /* Sidebar */ = {
			isa = PBXGroup;
			children = (
				83A388B014CD8FB6009D7636 /* sidebarContent.xml */,
				83B601D614CD83DB0022569F /* CellView.h */,
				83B601D714CD83DB0022569F /* CellView.mm */,
				83B601D814CD83DB0022569F /* NSArrayExt.h */,
				83B601D914CD83DB0022569F /* NSArrayExt.mm */,
				83B601DA14CD83DB0022569F /* NSIndexPathExt.h */,
				83B601DB14CD83DB0022569F /* NSIndexPathExt.mm */,
				83B601DC14CD83DB0022569F /* Sidebar.h */,
				83B601DD14CD83DB0022569F /* Sidebar.mm */,
				83B601DE14CD83DB0022569F /* SidebarBadgeCell.h */,
				83B601DF14CD83DB0022569F /* SidebarBadgeCell.mm */,
				83B601E014CD83DB0022569F /* SidebarNode.h */,
				83B601E114CD83DB0022569F /* SidebarNode.mm */,
				83B601E214CD83DB0022569F /* FoldersView.h */,
				83B601E314CD83DB0022569F /* FoldersView.mm */,
			);
			name = Sidebar;
			path = ..;
			sourceTree = "<group>";
		};
		83BAF05614E7A832000880F0 /* Utilities */ = {
			isa = PBXGroup;
			children = (
				83BAF05714E7A856000880F0 /* Utilities.h */,
				83BAF05814E7A860000880F0 /* Utilities.mm */,
			);
			name = Utilities;
			sourceTree = "<group>";
		};
		83BC6E2014CC98AF002396A5 = {
			isa = PBXGroup;
			children = (
				83867FC7150539D00004ED08 /* Asservissement */,
				83BAF05614E7A832000880F0 /* Utilities */,
				83AA3A1D14E6454000C39446 /* Database */,
				8376E09A14D5914400ABECEA /* TraitementVideo */,
				83F586C514CDB71100DA0F60 /* Status */,
				83BC6E5514CC9997002396A5 /* ConnectionUSB */,
				83BC6E5C14CC9997002396A5 /* Joystick */,
				83BC6E5F14CC9997002396A5 /* Maths */,
				83BC6E6E14CC9997002396A5 /* Ogre */,
				83BC6E7414CC9997002396A5 /* Parametres.h */,
				83BC6E7514CC9997002396A5 /* SDL */,
				83BC6E7814CC9997002396A5 /* Simulation */,
				83BC6E8314CC9997002396A5 /* Tests.cpp */,
				83BC6E8414CC9997002396A5 /* Tests.h */,
				83BC6E8514CC9997002396A5 /* UI */,
				83BC6E3514CC98AF002396A5 /* PSC */,
				83BC6E2E14CC98AF002396A5 /* Frameworks */,
				83BC6E2C14CC98AF002396A5 /* Products */,
			);
			sourceTree = "<group>";
		};
		83BC6E2C14CC98AF002396A5 /* Products */ = {
			isa = PBXGroup;
			children = (
				83BC6E2B14CC98AF002396A5 /* PSC.app */,
			);
			name = Products;
			sourceTree = "<group>";
		};
		83BC6E2E14CC98AF002396A5 /* Frameworks */ = {
			isa = PBXGroup;
			children = (
				83025BDA14E542140017F4E3 /* ACADO */,
				8351BC3F14E6D8E5005C058D /* libboost_date_time-xgcc42-mt-1_48.dylib */,
				83AA3A2414E6462E00C39446 /* libsqlite3.dylib */,
				8376E0A014D5A21100ABECEA /* libopencv_calib3d.dylib */,
				8376E0A114D5A21100ABECEA /* libopencv_highgui.dylib */,
				8376E0A214D5A21100ABECEA /* libopencv_imgproc.dylib */,
				8376E09E14D5943900ABECEA /* libopencv_core.dylib */,
				83F586E114CE210900DA0F60 /* QTKit.framework */,
				8349FCBC14CCA9670028E058 /* RenderSystem_GL.dylib */,
				83BC6ED214CC9AD4002396A5 /* CoreData.framework */,
				83BC6ED314CC9AD4002396A5 /* Foundation.framework */,
				83BC6ED414CC9AD4002396A5 /* libboost_system-xgcc42-mt-1_48.dylib */,
				83BC6ED514CC9AD4002396A5 /* libboost_thread-xgcc42-mt-1_48.dylib */,
				83BC6ED614CC9AD4002396A5 /* AppKit.framework */,
				83BC6ED714CC9AD4002396A5 /* SDL.framework */,
				83BC6ED814CC9AD4002396A5 /* Carbon.framework */,
				83BC6ED914CC9AD4002396A5 /* IOKit.framework */,
				83BC6EDA14CC9AD4002396A5 /* Ogre.framework */,
				83BC6EDB14CC9AD4002396A5 /* OpenGL.framework */,
				83BC6EDC14CC9AD4002396A5 /* QuartzCore.framework */,
				83BC6E2F14CC98AF002396A5 /* Cocoa.framework */,
				83BC6E3114CC98AF002396A5 /* Other Frameworks */,
			);
			name = Frameworks;
			sourceTree = "<group>";
		};
		83BC6E3114CC98AF002396A5 /* Other Frameworks */ = {
			isa = PBXGroup;
			children = (
				83BC6E3214CC98AF002396A5 /* AppKit.framework */,
				83BC6E3314CC98AF002396A5 /* CoreData.framework */,
				83BC6E3414CC98AF002396A5 /* Foundation.framework */,
			);
			name = "Other Frameworks";
			sourceTree = "<group>";
		};
		83BC6E3514CC98AF002396A5 /* PSC */ = {
			isa = PBXGroup;
			children = (
				83BC6EA514CC99DA002396A5 /* main.mm */,
				83BC6EA614CC99DA002396A5 /* media */,
				83BC6EB614CC99DA002396A5 /* ogre.cfg */,
				83BC6EBB14CC99DA002396A5 /* plugins.cfg */,
				83BC6EBC14CC99DA002396A5 /* PSC-Info.plist */,
				83BC6EBD14CC99DA002396A5 /* PSC-Prefix.pch */,
				83BC6EBE14CC99DA002396A5 /* resources.cfg */,
				83BC6ED114CC9A1B002396A5 /* Ogre Framework */,
				83BC6E3614CC98AF002396A5 /* Supporting Files */,
			);
			path = PSC;
			sourceTree = "<group>";
		};
		83BC6E3614CC98AF002396A5 /* Supporting Files */ = {
			isa = PBXGroup;
			children = (
				83BC6E3714CC98AF002396A5 /* PSC-Info.plist */,
				83BC6E3814CC98AF002396A5 /* InfoPlist.strings */,
				83BC6E3D14CC98AF002396A5 /* PSC-Prefix.pch */,
				83BC6E3E14CC98AF002396A5 /* Credits.rtf */,
			);
			name = "Supporting Files";
			sourceTree = "<group>";
		};
		83BC6E5514CC9997002396A5 /* ConnectionUSB */ = {
			isa = PBXGroup;
			children = (
				831BC0DB1501522B00614624 /* CommunicationProtocol.h */,
				831BC0DC1501522B00614624 /* ConnectionUSB.h */,
				831BC0DD1501522B00614624 /* ConnectionUSB.mm */,
				831BC0DE1501522B00614624 /* Position.cpp */,
				83BC6E5614CC9997002396A5 /* Dynamixel.cpp */,
				83BC6E5714CC9997002396A5 /* Dynamixel.h */,
				83BC6E5814CC9997002396A5 /* hid.c */,
				83BC6E5914CC9997002396A5 /* hidapi.h */,
				83BC6E5A14CC9997002396A5 /* InterfaceUSB.cpp */,
				83BC6E5B14CC9997002396A5 /* InterfaceUSB.h */,
				837D29EF15014CBC00221B7A /* ConnectionUSB.h */,
				837D29F115014CC600221B7A /* ConnectionUSB.mm */,
				837D29F315014DF000221B7A /* Position.cpp */,
				831BC0E11501524200614624 /* AngleAbsolu.h */,
				831BC0E21501536B00614624 /* VitesseRotation.h */,
			);
			path = ConnectionUSB;
			sourceTree = "<group>";
		};
		83BC6E5C14CC9997002396A5 /* Joystick */ = {
			isa = PBXGroup;
			children = (
				83BC6E5E14CC9997002396A5 /* Joystick.h */,
				83BC6E5D14CC9997002396A5 /* Joystick.mm */,
			);
			path = Joystick;
			sourceTree = "<group>";
		};
		83BC6E5F14CC9997002396A5 /* Maths */ = {
			isa = PBXGroup;
			children = (
				83BC6E6014CC9997002396A5 /* Matrice.cpp */,
				83BC6E6114CC9997002396A5 /* Matrice.h */,
				83BC6E6214CC9997002396A5 /* Plan.cpp */,
				83BC6E6314CC9997002396A5 /* Plan.h */,
				83BC6E6414CC9997002396A5 /* Point.cpp */,
				83BC6E6514CC9997002396A5 /* Point.h */,
				83BC6E6614CC9997002396A5 /* Quaternion.cpp */,
				83BC6E6714CC9997002396A5 /* Quaternion.h */,
				83BC6E6814CC9997002396A5 /* Referentiel3D.cpp */,
				83BC6E6914CC9997002396A5 /* Referentiel3D.h */,
				83BC6E6A14CC9997002396A5 /* Vecteur.cpp */,
				83BC6E6B14CC9997002396A5 /* Vecteur.h */,
				83BC6E6C14CC9997002396A5 /* Vecteur3D.cpp */,
				83BC6E6D14CC9997002396A5 /* Vecteur3D.h */,
			);
			path = Maths;
			sourceTree = "<group>";
		};
		83BC6E6E14CC9997002396A5 /* Ogre */ = {
			isa = PBXGroup;
			children = (
				8349FCB814CCA10D0028E058 /* Headers */,
				83BC6E6F14CC9997002396A5 /* kite.material */,
				83BC6E7014CC9997002396A5 /* kite.mesh */,
				83BC6E7114CC9997002396A5 /* kite.mesh.xml */,
				83BC6E7214CC9997002396A5 /* Moteur3D.h */,
				83BC6E7314CC9997002396A5 /* Moteur3D.mm */,
			);
			path = Ogre;
			sourceTree = "<group>";
		};
		83BC6E7514CC9997002396A5 /* SDL */ = {
			isa = PBXGroup;
			children = (
				83BC6E7614CC9997002396A5 /* SDLMain.h */,
				83BC6E7714CC9997002396A5 /* SDLMain.m */,
			);
			path = SDL;
			sourceTree = "<group>";
		};
		83BC6E7814CC9997002396A5 /* Simulation */ = {
			isa = PBXGroup;
			children = (
				83BC6E7914CC9997002396A5 /* Action.cpp */,
				83BC6E7A14CC9997002396A5 /* Action.h */,
				83BC6E7D14CC9997002396A5 /* Referentiel.cpp */,
				83BC6E7E14CC9997002396A5 /* Referentiel.h */,
				83BC6E7F14CC9997002396A5 /* Solide.cpp */,
				83BC6E8014CC9997002396A5 /* Solide.h */,
				83BC6E8114CC9997002396A5 /* State.cpp */,
				83BC6E8214CC9997002396A5 /* State.h */,
			);
			path = Simulation;
			sourceTree = "<group>";
		};
		83BC6E8514CC9997002396A5 /* UI */ = {
			isa = PBXGroup;
			children = (
				83F6CC0414EA79CB0096890B /* Database */,
				83F586EA14CF014200DA0F60 /* Application.xib */,
				83F586BE14CDB48E00DA0F60 /* Status */,
				83B601D414CD83C60022569F /* Sidebar */,
				83BC6E8814CC9997002396A5 /* UIController.h */,
				83BC6E8914CC9997002396A5 /* UIController.mm */,
				83F586AA14CDA94200DA0F60 /* SimulationController.h */,
				83F586AB14CDA94200DA0F60 /* SimulationController.mm */,
				83F586AC14CDA94200DA0F60 /* SimulationController.xib */,
				83F586AF14CDB09D00DA0F60 /* WebcamController.h */,
				83F586B014CDB09D00DA0F60 /* WebcamController.m */,
				83F586B114CDB09D00DA0F60 /* WebcamController.xib */,
				83F586B414CDB0B100DA0F60 /* ComparaisonController.h */,
				83F586B514CDB0B100DA0F60 /* ComparaisonController.m */,
				83F586B614CDB0B100DA0F60 /* ComparaisonController.xib */,
				83F586B914CDB0BE00DA0F60 /* MoteurController.h */,
				83F586BA14CDB0BE00DA0F60 /* MoteurController.mm */,
				83F586BB14CDB0BE00DA0F60 /* MoteurController.xib */,
				8376E09414D590D900ABECEA /* WebcamCalibrationController.h */,
				8376E09514D590D900ABECEA /* WebcamCalibrationController.mm */,
				8376E09614D590D900ABECEA /* WebcamCalibrationController.xib */,
			);
			path = UI;
			sourceTree = "<group>";
		};
		83BC6EA614CC99DA002396A5 /* media */ = {
			isa = PBXGroup;
			children = (
				83BC6EA714CC99DA002396A5 /* materials */,
				83BC6EAF14CC99DA002396A5 /* models */,
				83BC6EB114CC99DA002396A5 /* packs */,
			);
			path = media;
			sourceTree = "<group>";
		};
		83BC6EA714CC99DA002396A5 /* materials */ = {
			isa = PBXGroup;
			children = (
				83BC6EA814CC99DA002396A5 /* scripts */,
				83BC6EAB14CC99DA002396A5 /* textures */,
			);
			path = materials;
			sourceTree = "<group>";
		};
		83BC6EA814CC99DA002396A5 /* scripts */ = {
			isa = PBXGroup;
			children = (
				83BC6EA914CC99DA002396A5 /* Examples.material */,
				83BC6EAA14CC99DA002396A5 /* Ogre.material */,
			);
			path = scripts;
			sourceTree = "<group>";
		};
		83BC6EAB14CC99DA002396A5 /* textures */ = {
			isa = PBXGroup;
			children = (
				83BC6EAC14CC99DA002396A5 /* GreenSkin.jpg */,
				83BC6EAD14CC99DA002396A5 /* spheremap.png */,
				83BC6EAE14CC99DA002396A5 /* tusk.jpg */,
			);
			path = textures;
			sourceTree = "<group>";
		};
		83BC6EAF14CC99DA002396A5 /* models */ = {
			isa = PBXGroup;
			children = (
				83BC6EB014CC99DA002396A5 /* ogrehead.mesh */,
			);
			path = models;
			sourceTree = "<group>";
		};
		83BC6EB114CC99DA002396A5 /* packs */ = {
			isa = PBXGroup;
			children = (
				83BC6EB214CC99DA002396A5 /* cubemap.zip */,
				83BC6EB314CC99DA002396A5 /* cubemapsJS.zip */,
				83BC6EB414CC99DA002396A5 /* SdkTrays.zip */,
				83BC6EB514CC99DA002396A5 /* skybox.zip */,
			);
			path = packs;
			sourceTree = "<group>";
		};
		83BC6ED114CC9A1B002396A5 /* Ogre Framework */ = {
			isa = PBXGroup;
			children = (
				83BC6EA314CC99DA002396A5 /* AppDelegate.h */,
				83BC6EA414CC99DA002396A5 /* AppDelegate.mm */,
				83BC6EB714CC99DA002396A5 /* OgreDemoApp.mm */,
				83BC6EB814CC99DA002396A5 /* OgreDemoApp.h */,
				83BC6EB914CC99DA002396A5 /* OgreFramework.h */,
				83BC6EBA14CC99DA002396A5 /* OgreFramework.mm */,
			);
			name = "Ogre Framework";
			sourceTree = "<group>";
		};
		83F586BE14CDB48E00DA0F60 /* Status */ = {
			isa = PBXGroup;
			children = (
				83F586CC14CDE69900DA0F60 /* StatusController.h */,
				83F586CD14CDE69900DA0F60 /* StatusController.mm */,
				83F586CE14CDE69900DA0F60 /* StatusController.xib */,
			);
			name = Status;
			sourceTree = "<group>";
		};
		83F586C514CDB71100DA0F60 /* Status */ = {
			isa = PBXGroup;
			children = (
				831BC0C5150151BD00614624 /* CameraStatus.h */,
				831BC0C6150151BD00614624 /* CameraStatus.m */,
				83F586D114CDEB5F00DA0F60 /* status0.png */,
				83F586D214CDEB5F00DA0F60 /* status1.png */,
				83F586D314CDEB5F00DA0F60 /* status2.png */,
				83F586C614CDB73F00DA0F60 /* Status.h */,
				83F586C714CDB73F00DA0F60 /* Status.m */,
				83088E9F14F41C320005227E /* CameraStatus.h */,
				83088EA014F41C320005227E /* CameraStatus.m */,
			);
			name = Status;
			sourceTree = "<group>";
		};
		83F6CC0414EA79CB0096890B /* Database */ = {
			isa = PBXGroup;
			children = (
				830747A414EC43A300C01E52 /* ConfigurationForDisplay.h */,
				830747A514EC43A300C01E52 /* ConfigurationForDisplay.mm */,
				83A27C3E14E9388200B60BFC /* SourceForDisplay.h */,
				83A27C3F14E9388200B60BFC /* SourceForDisplay.mm */,
				83A27C4114E938A300B60BFC /* RecordForDisplay.h */,
				83A27C4214E938A300B60BFC /* RecordForDisplay.mm */,
				83B56FB414EAC831002AA428 /* CreateFieldController.h */,
				83B56FB514EAC831002AA428 /* CreateFieldController.mm */,
				83B56FB814EAC844002AA428 /* EditFieldSingleValue.h */,
				83B56FB914EAC844002AA428 /* EditFieldSingleValue.mm */,
				83B56FC114EB275B002AA428 /* EditFieldVector.h */,
				83B56FC214EB275B002AA428 /* EditFieldVector.mm */,
				83B56FBB14EAC857002AA428 /* EditFieldMatrix.h */,
				83B56FBC14EAC857002AA428 /* EditFieldMatrix.mm */,
				83F6CC0514EA7A170096890B /* DatabaseController.h */,
				83F6CC0614EA7A170096890B /* DatabaseController.mm */,
				83F6CC0714EA7A170096890B /* DatabaseController.xib */,
			);
			name = Database;
			sourceTree = "<group>";
		};
/* End PBXGroup section */

/* Begin PBXNativeTarget section */
		83BC6E2A14CC98AF002396A5 /* PSC */ = {
			isa = PBXNativeTarget;
			buildConfigurationList = 83BC6E4914CC98B0002396A5 /* Build configuration list for PBXNativeTarget "PSC" */;
			buildPhases = (
				83BC6E2714CC98AF002396A5 /* Sources */,
				83BC6E2814CC98AF002396A5 /* Frameworks */,
				83BC6E2914CC98AF002396A5 /* Resources */,
				83BC6EE814CC9ADF002396A5 /* ShellScript */,
				83BC6EE914CC9B3C002396A5 /* CopyFiles */,
				83BC6EEB14CC9B4E002396A5 /* CopyFiles */,
			);
			buildRules = (
			);
			dependencies = (
			);
			name = PSC;
			productName = PSC;
			productReference = 83BC6E2B14CC98AF002396A5 /* PSC.app */;
			productType = "com.apple.product-type.application";
		};
/* End PBXNativeTarget section */

/* Begin PBXProject section */
		83BC6E2214CC98AF002396A5 /* Project object */ = {
			isa = PBXProject;
			attributes = {
				LastUpgradeCheck = 0420;
				ORGANIZATIONNAME = "École Polytechnique";
			};
			buildConfigurationList = 83BC6E2514CC98AF002396A5 /* Build configuration list for PBXProject "PSC" */;
			compatibilityVersion = "Xcode 3.2";
			developmentRegion = English;
			hasScannedForEncodings = 0;
			knownRegions = (
				en,
			);
			mainGroup = 83BC6E2014CC98AF002396A5;
			productRefGroup = 83BC6E2C14CC98AF002396A5 /* Products */;
			projectDirPath = "";
			projectRoot = "";
			targets = (
				83BC6E2A14CC98AF002396A5 /* PSC */,
			);
		};
/* End PBXProject section */

/* Begin PBXResourcesBuildPhase section */
		83BC6E2914CC98AF002396A5 /* Resources */ = {
			isa = PBXResourcesBuildPhase;
			buildActionMask = 2147483647;
			files = (
				83BC6E3A14CC98AF002396A5 /* InfoPlist.strings in Resources */,
				83BC6E4014CC98AF002396A5 /* Credits.rtf in Resources */,
				83BC6E9514CC9997002396A5 /* kite.material in Resources */,
				83BC6E9614CC9997002396A5 /* kite.mesh in Resources */,
				83BC6E9714CC9997002396A5 /* kite.mesh.xml in Resources */,
				83BC6EC114CC99DA002396A5 /* Examples.material in Resources */,
				83BC6EC214CC99DA002396A5 /* Ogre.material in Resources */,
				83BC6EC314CC99DA002396A5 /* GreenSkin.jpg in Resources */,
				83BC6EC414CC99DA002396A5 /* spheremap.png in Resources */,
				83BC6EC514CC99DA002396A5 /* tusk.jpg in Resources */,
				83BC6EC614CC99DA002396A5 /* ogrehead.mesh in Resources */,
				83BC6EC714CC99DA002396A5 /* cubemap.zip in Resources */,
				83BC6EC814CC99DA002396A5 /* cubemapsJS.zip in Resources */,
				83BC6EC914CC99DA002396A5 /* SdkTrays.zip in Resources */,
				83BC6ECA14CC99DA002396A5 /* skybox.zip in Resources */,
				83BC6ECB14CC99DA002396A5 /* ogre.cfg in Resources */,
				83BC6ECE14CC99DA002396A5 /* plugins.cfg in Resources */,
				83BC6ECF14CC99DA002396A5 /* PSC-Info.plist in Resources */,
				83BC6ED014CC99DA002396A5 /* resources.cfg in Resources */,
				83A388B114CD8FB6009D7636 /* sidebarContent.xml in Resources */,
				83F586AE14CDA94200DA0F60 /* SimulationController.xib in Resources */,
				83F586B314CDB09D00DA0F60 /* WebcamController.xib in Resources */,
				83F586B814CDB0B100DA0F60 /* ComparaisonController.xib in Resources */,
				83F586BD14CDB0BE00DA0F60 /* MoteurController.xib in Resources */,
				83F586D014CDE69900DA0F60 /* StatusController.xib in Resources */,
				83F586D414CDEB5F00DA0F60 /* status0.png in Resources */,
				83F586D514CDEB5F00DA0F60 /* status1.png in Resources */,
				83F586D614CDEB5F00DA0F60 /* status2.png in Resources */,
				83F586EB14CF014200DA0F60 /* Application.xib in Resources */,
				8376E09814D590D900ABECEA /* WebcamCalibrationController.xib in Resources */,
				83AA3A2014E6456B00C39446 /* psc.database.sqlite in Resources */,
				83F6CC0914EA7A170096890B /* DatabaseController.xib in Resources */,
			);
			runOnlyForDeploymentPostprocessing = 0;
		};
/* End PBXResourcesBuildPhase section */

/* Begin PBXShellScriptBuildPhase section */
		83BC6EE814CC9ADF002396A5 /* ShellScript */ = {
			isa = PBXShellScriptBuildPhase;
			buildActionMask = 2147483647;
			files = (
			);
			inputPaths = (
			);
			outputPaths = (
			);
			runOnlyForDeploymentPostprocessing = 0;
			shellPath = /bin/sh;
			shellScript = "# This shell script simply copies resources into their respective locations\n\nditto \"/Library/OgreSDK/lib/release/Ogre.framework\" \"$BUILT_PRODUCTS_DIR/PSC.app/Contents/Frameworks/Ogre.framework\"\nditto \"/Library/OgreSDK/lib/RenderSystem_GL.dylib\" \"$BUILT_PRODUCTS_DIR/PSC.app/Contents/Plugins/\"\nditto $PROJECT_DIR/Ogre/*.material \"$BUILT_PRODUCTS_DIR/PSC.app/Contents/Resources/media/materials/scripts/\"\n                        ditto $PROJECT_DIR/Ogre/*.mesh \"$BUILT_PRODUCTS_DIR/PSC.app/Contents/Resources/media/models/\"\n                        ditto $PROJECT_DIR/$PROJECT_NAME/*.cfg \"$BUILT_PRODUCTS_DIR/PSC.app/Contents/Resources/\"\n                        ditto $PROJECT_DIR/$PROJECT_NAME/media/ \"$BUILT_PRODUCTS_DIR/PSC.app/Contents/Resources/media/\"\n";
		};
/* End PBXShellScriptBuildPhase section */

/* Begin PBXSourcesBuildPhase section */
		83BC6E2714CC98AF002396A5 /* Sources */ = {
			isa = PBXSourcesBuildPhase;
			buildActionMask = 2147483647;
			files = (
				83BC6E8A14CC9997002396A5 /* Dynamixel.cpp in Sources */,
				83BC6E8B14CC9997002396A5 /* hid.c in Sources */,
				83BC6E8C14CC9997002396A5 /* InterfaceUSB.cpp in Sources */,
				83BC6E8D14CC9997002396A5 /* Joystick.mm in Sources */,
				83BC6E8E14CC9997002396A5 /* Matrice.cpp in Sources */,
				83BC6E8F14CC9997002396A5 /* Plan.cpp in Sources */,
				83BC6E9014CC9997002396A5 /* Point.cpp in Sources */,
				83BC6E9114CC9997002396A5 /* Quaternion.cpp in Sources */,
				83BC6E9214CC9997002396A5 /* Referentiel3D.cpp in Sources */,
				83BC6E9314CC9997002396A5 /* Vecteur.cpp in Sources */,
				83BC6E9414CC9997002396A5 /* Vecteur3D.cpp in Sources */,
				83BC6E9814CC9997002396A5 /* Moteur3D.mm in Sources */,
				83BC6E9914CC9997002396A5 /* SDLMain.m in Sources */,
				83BC6E9A14CC9997002396A5 /* Action.cpp in Sources */,
				83BC6E9C14CC9997002396A5 /* Referentiel.cpp in Sources */,
				83BC6E9D14CC9997002396A5 /* Solide.cpp in Sources */,
				83BC6E9E14CC9997002396A5 /* State.cpp in Sources */,
				83BC6E9F14CC9997002396A5 /* Tests.cpp in Sources */,
				83BC6EA114CC9997002396A5 /* UIController.mm in Sources */,
				83BC6EBF14CC99DA002396A5 /* AppDelegate.mm in Sources */,
				83BC6EC014CC99DA002396A5 /* main.mm in Sources */,
				83BC6ECD14CC99DA002396A5 /* OgreFramework.mm in Sources */,
				837D55DE14CCC612002CD3DA /* OgreDemoApp.mm in Sources */,
				83B601E414CD83DB0022569F /* CellView.mm in Sources */,
				83B601E514CD83DB0022569F /* NSArrayExt.mm in Sources */,
				83B601E614CD83DB0022569F /* NSIndexPathExt.mm in Sources */,
				83B601E714CD83DB0022569F /* Sidebar.mm in Sources */,
				83B601E814CD83DB0022569F /* SidebarBadgeCell.mm in Sources */,
				83B601E914CD83DB0022569F /* SidebarNode.mm in Sources */,
				83B601EA14CD83DB0022569F /* FoldersView.mm in Sources */,
				83F586AD14CDA94200DA0F60 /* SimulationController.mm in Sources */,
				83F586B214CDB09D00DA0F60 /* WebcamController.m in Sources */,
				83F586B714CDB0B100DA0F60 /* ComparaisonController.m in Sources */,
				83F586BC14CDB0BE00DA0F60 /* MoteurController.mm in Sources */,
				83F586C814CDB73F00DA0F60 /* Status.m in Sources */,
				83F586CF14CDE69900DA0F60 /* StatusController.mm in Sources */,
				8376E09714D590D900ABECEA /* WebcamCalibrationController.mm in Sources */,
				8376E09C14D5918800ABECEA /* CalibrationCamera.cpp in Sources */,
				83F65BE414DA1C60006B7C60 /* NSImage_OpenCV.mm in Sources */,
				83F65BE714DA2769006B7C60 /* NSImage+CIImage.m in Sources */,
				83F65BEA14DA288F006B7C60 /* NSBitmapImageRep+Extras.m in Sources */,
				83AA3A2214E645C700C39446 /* Database.cpp in Sources */,
				8351BC3E14E6D418005C058D /* Record.cpp in Sources */,
				8351BC4314E6DB70005C058D /* Source.cpp in Sources */,
				8351BC4614E6DC93005C058D /* Donnee.cpp in Sources */,
				83BAF05914E7A860000880F0 /* Utilities.mm in Sources */,
				83BAF05D14E7B43C000880F0 /* NumericValue.cpp in Sources */,
				83A27C4014E9388200B60BFC /* SourceForDisplay.mm in Sources */,
				83A27C4314E938A300B60BFC /* RecordForDisplay.mm in Sources */,
				83F6CC0814EA7A170096890B /* DatabaseController.mm in Sources */,
				83B56FB614EAC831002AA428 /* CreateFieldController.mm in Sources */,
				83B56FBA14EAC844002AA428 /* EditFieldSingleValue.mm in Sources */,
				83B56FBD14EAC857002AA428 /* EditFieldMatrix.mm in Sources */,
				83B56FC314EB275B002AA428 /* EditFieldVector.mm in Sources */,
				83B56FC714EBA1F6002AA428 /* DataTypes.cpp in Sources */,
				830747A614EC43A300C01E52 /* ConfigurationForDisplay.mm in Sources */,
				830747A914EC5C5D00C01E52 /* DatabaseData.cpp in Sources */,
				830747AB14EC5CFA00C01E52 /* GenericSource.cpp in Sources */,
				83088EA114F41C320005227E /* CameraStatus.m in Sources */,
				837D29F215014CC600221B7A /* ConnectionUSB.mm in Sources */,
				837D29F415014DF000221B7A /* Position.cpp in Sources */,
				831BC0DF1501522B00614624 /* ConnectionUSB.mm in Sources */,
				831BC0E01501522B00614624 /* Position.cpp in Sources */,
				83867FD2150539D00004ED08 /* Asservissement.cpp in Sources */,
				83867FD3150539D00004ED08 /* ControleOptimal.cpp in Sources */,
				83867FD4150539D00004ED08 /* EtatSysteme.cpp in Sources */,
				8354B42C150E95050066EC6F /* CommandeMoteur.cpp in Sources */,
			);
			runOnlyForDeploymentPostprocessing = 0;
		};
/* End PBXSourcesBuildPhase section */

/* Begin PBXVariantGroup section */
		83BC6E3814CC98AF002396A5 /* InfoPlist.strings */ = {
			isa = PBXVariantGroup;
			children = (
				83BC6E3914CC98AF002396A5 /* en */,
			);
			name = InfoPlist.strings;
			sourceTree = "<group>";
		};
		83BC6E3E14CC98AF002396A5 /* Credits.rtf */ = {
			isa = PBXVariantGroup;
			children = (
				83BC6E3F14CC98AF002396A5 /* en */,
			);
			name = Credits.rtf;
			sourceTree = "<group>";
		};
/* End PBXVariantGroup section */

/* Begin XCBuildConfiguration section */
		83BC6E4714CC98B0002396A5 /* Debug */ = {
			isa = XCBuildConfiguration;
			buildSettings = {
				ALWAYS_SEARCH_USER_PATHS = NO;
				ARCHS = "$(ARCHS_STANDARD_32_64_BIT)";
				COPY_PHASE_STRIP = NO;
				FRAMEWORK_SEARCH_PATHS = (
					"\"/Library/OgreSDK//lib/release\"",
					"\"/Library/OgreSDK//Dependencies\"",
				);
				GCC_C_LANGUAGE_STANDARD = gnu99;
				GCC_DYNAMIC_NO_PIC = NO;
				GCC_ENABLE_OBJC_EXCEPTIONS = YES;
				GCC_OPTIMIZATION_LEVEL = 0;
				GCC_PREPROCESSOR_DEFINITIONS = (
					"DEBUG=1",
					"$(inherited)",
				);
				GCC_SYMBOLS_PRIVATE_EXTERN = NO;
				GCC_VERSION = com.apple.compilers.llvm.clang.1_0;
				GCC_WARN_64_TO_32_BIT_CONVERSION = YES;
				GCC_WARN_ABOUT_MISSING_PROTOTYPES = YES;
				GCC_WARN_ABOUT_RETURN_TYPE = YES;
				GCC_WARN_UNUSED_VARIABLE = YES;
				HEADER_SEARCH_PATHS = (
					"\"/Library/OgreSDK//include/OGRE\"",
					"\"/Library/OgreSDK//include/OGRE/OSX\"",
					"\"/Library/OgreSDK//include/OIS\"",
					"\"/Library/OgreSDK//Dependencies/include\"",
					/usr/local/include/boost/,
				);
				LIBRARY_SEARCH_PATHS = (
					"\"/Library/OgreSDK/lib\"",
					"\"/Library/OgreSDK/Dependencies/lib/Release\"",
				);
				MACOSX_DEPLOYMENT_TARGET = 10.7;
				ONLY_ACTIVE_ARCH = YES;
				OTHER_LDFLAGS = "-lOIS";
				SDKROOT = macosx;
				USER_HEADER_SEARCH_PATHS = "\"/Library/OgreSDK/include/OGRE\" \"/Library/OgreSDK/include/OGRE/OSX\" \"/Library/OgreSDK/include/OIS\" \"/Library/OgreSDK//Dependencies/include\" /usr/local/include/boost/";
			};
			name = Debug;
		};
		83BC6E4814CC98B0002396A5 /* Release */ = {
			isa = XCBuildConfiguration;
			buildSettings = {
				ALWAYS_SEARCH_USER_PATHS = NO;
				ARCHS = "$(ARCHS_STANDARD_32_64_BIT)";
				COPY_PHASE_STRIP = YES;
				DEBUG_INFORMATION_FORMAT = "dwarf-with-dsym";
				FRAMEWORK_SEARCH_PATHS = (
					"\"/Library/OgreSDK//lib/release\"",
					"\"/Library/OgreSDK//Dependencies\"",
				);
				GCC_C_LANGUAGE_STANDARD = gnu99;
				GCC_ENABLE_OBJC_EXCEPTIONS = YES;
				GCC_VERSION = com.apple.compilers.llvm.clang.1_0;
				GCC_WARN_64_TO_32_BIT_CONVERSION = YES;
				GCC_WARN_ABOUT_MISSING_PROTOTYPES = YES;
				GCC_WARN_ABOUT_RETURN_TYPE = YES;
				GCC_WARN_UNUSED_VARIABLE = YES;
				HEADER_SEARCH_PATHS = (
					"\"/Library/OgreSDK//include/OGRE\"",
					"\"/Library/OgreSDK//include/OGRE/OSX\"",
					"\"/Library/OgreSDK//include/OIS\"",
					"\"/Library/OgreSDK//Dependencies/include\"",
					/usr/local/include/boost/,
				);
				LIBRARY_SEARCH_PATHS = (
					"\"/Library/OgreSDK/lib\"",
					"\"/Library/OgreSDK/Dependencies/lib/Release\"",
				);
				MACOSX_DEPLOYMENT_TARGET = 10.7;
				OTHER_LDFLAGS = "-lOIS";
				SDKROOT = macosx;
				USER_HEADER_SEARCH_PATHS = "\"/Library/OgreSDK/include/OGRE\" \"/Library/OgreSDK/include/OGRE/OSX\" \"/Library/OgreSDK/include/OIS\" \"/Library/OgreSDK//Dependencies/include\" /usr/local/include/boost/";
			};
			name = Release;
		};
		83BC6E4A14CC98B0002396A5 /* Debug */ = {
			isa = XCBuildConfiguration;
			buildSettings = {
				FRAMEWORK_SEARCH_PATHS = (
					"$(inherited)",
					"\"$(DEVELOPER_FRAMEWORKS_DIR)\"",
				);
				GCC_PRECOMPILE_PREFIX_HEADER = YES;
				GCC_PREFIX_HEADER = "PSC/PSC-Prefix.pch";
				GCC_VERSION = com.apple.compilers.llvm.clang.1_0;
				INFOPLIST_FILE = "PSC/PSC-Info.plist";
				LIBRARY_SEARCH_PATHS = (
					"/usr/local/lib/**",
					"$(inherited)",
					"\"$(LOCAL_LIBRARY_DIR)/OgreSDK/lib\"",
					/usr/local/lib/acado,
				);
				PRODUCT_NAME = "$(TARGET_NAME)";
				WRAPPER_EXTENSION = app;
			};
			name = Debug;
		};
		83BC6E4B14CC98B0002396A5 /* Release */ = {
			isa = XCBuildConfiguration;
			buildSettings = {
				FRAMEWORK_SEARCH_PATHS = (
					"$(inherited)",
					"\"$(DEVELOPER_FRAMEWORKS_DIR)\"",
				);
				GCC_PRECOMPILE_PREFIX_HEADER = YES;
				GCC_PREFIX_HEADER = "PSC/PSC-Prefix.pch";
				GCC_VERSION = com.apple.compilers.llvm.clang.1_0;
				INFOPLIST_FILE = "PSC/PSC-Info.plist";
				LIBRARY_SEARCH_PATHS = (
					"/usr/local/lib/**",
					"$(inherited)",
					"\"$(LOCAL_LIBRARY_DIR)/OgreSDK/lib\"",
					/usr/local/lib/acado,
				);
				PRODUCT_NAME = "$(TARGET_NAME)";
				WRAPPER_EXTENSION = app;
			};
			name = Release;
		};
/* End XCBuildConfiguration section */

/* Begin XCConfigurationList section */
		83BC6E2514CC98AF002396A5 /* Build configuration list for PBXProject "PSC" */ = {
			isa = XCConfigurationList;
			buildConfigurations = (
				83BC6E4714CC98B0002396A5 /* Debug */,
				83BC6E4814CC98B0002396A5 /* Release */,
			);
			defaultConfigurationIsVisible = 0;
			defaultConfigurationName = Release;
		};
		83BC6E4914CC98B0002396A5 /* Build configuration list for PBXNativeTarget "PSC" */ = {
			isa = XCConfigurationList;
			buildConfigurations = (
				83BC6E4A14CC98B0002396A5 /* Debug */,
				83BC6E4B14CC98B0002396A5 /* Release */,
			);
			defaultConfigurationIsVisible = 0;
			defaultConfigurationName = Release;
		};
/* End XCConfigurationList section */
	};
	rootObject = 83BC6E2214CC98AF002396A5 /* Project object */;
}
